<?xml version="1.0" encoding="utf-8"?>
<Project ToolsVersion="4.0" xmlns="http://schemas.microsoft.com/developer/msbuild/2003">
  <ItemGroup>
    <Filter Include="Source Files">
      <UniqueIdentifier>{4FC737F1-C7A5-4376-A066-2A32D752A2FF}</UniqueIdentifier>
      <Extensions>cpp;c;cc;cxx;def;odl;idl;hpj;bat;asm;asmx</Extensions>
    </Filter>
    <Filter Include="Header Files">
      <UniqueIdentifier>{93995380-89BD-4b04-88EB-625FBE52EBFB}</UniqueIdentifier>
      <Extensions>h;hh;hpp;hxx;hm;inl;inc;xsd</Extensions>
    </Filter>
    <Filter Include="Resource Files">
      <UniqueIdentifier>{67DA6AB6-F800-4c08-8B7A-83BB121AAD01}</UniqueIdentifier>
      <Extensions>rc;ico;cur;bmp;dlg;rc2;rct;bin;rgs;gif;jpg;jpeg;jpe;resx;tiff;tif;png;wav</Extensions>
    </Filter>
  </ItemGroup>
  <ItemGroup>
    <ClCompile Include="build-android\sdl2\main\SDL_android_main.c">
      <Filter>Source Files</Filter>
    </ClCompile>
    <ClCompile Include="build-android\sdl2\main\dynapi\SDL_dynapi.c">
      <Filter>Source Files</Filter>
    </ClCompile>
    <ClCompile Include="cugl\external\box2d\demo\glew\glew.c">
      <Filter>Source Files</Filter>
    </ClCompile>
    <ClCompile Include="cugl\external\box2d\demo\glfw\context.c">
      <Filter>Source Files</Filter>
    </ClCompile>
    <ClCompile Include="cugl\external\box2d\demo\glfw\egl_context.c">
      <Filter>Source Files</Filter>
    </ClCompile>
    <ClCompile Include="cugl\external\box2d\demo\glfw\glx_context.c">
      <Filter>Source Files</Filter>
    </ClCompile>
    <ClCompile Include="cugl\external\box2d\demo\glfw\init.c">
      <Filter>Source Files</Filter>
    </ClCompile>
    <ClCompile Include="cugl\external\box2d\demo\glfw\input.c">
      <Filter>Source Files</Filter>
    </ClCompile>
    <ClCompile Include="cugl\external\box2d\demo\glfw\linux_joystick.c">
      <Filter>Source Files</Filter>
    </ClCompile>
    <ClCompile Include="cugl\external\box2d\demo\glfw\mach_time.c">
      <Filter>Source Files</Filter>
    </ClCompile>
    <ClCompile Include="cugl\external\box2d\demo\glfw\mir_init.c">
      <Filter>Source Files</Filter>
    </ClCompile>
    <ClCompile Include="cugl\external\box2d\demo\glfw\mir_monitor.c">
      <Filter>Source Files</Filter>
    </ClCompile>
    <ClCompile Include="cugl\external\box2d\demo\glfw\mir_window.c">
      <Filter>Source Files</Filter>
    </ClCompile>
    <ClCompile Include="cugl\external\box2d\demo\glfw\monitor.c">
      <Filter>Source Files</Filter>
    </ClCompile>
    <ClCompile Include="cugl\external\box2d\demo\glfw\posix_time.c">
      <Filter>Source Files</Filter>
    </ClCompile>
    <ClCompile Include="cugl\external\box2d\demo\glfw\posix_tls.c">
      <Filter>Source Files</Filter>
    </ClCompile>
    <ClCompile Include="cugl\external\box2d\demo\glfw\wgl_context.c">
      <Filter>Source Files</Filter>
    </ClCompile>
    <ClCompile Include="cugl\external\box2d\demo\glfw\win32_init.c">
      <Filter>Source Files</Filter>
    </ClCompile>
    <ClCompile Include="cugl\external\box2d\demo\glfw\win32_monitor.c">
      <Filter>Source Files</Filter>
    </ClCompile>
    <ClCompile Include="cugl\external\box2d\demo\glfw\win32_time.c">
      <Filter>Source Files</Filter>
    </ClCompile>
    <ClCompile Include="cugl\external\box2d\demo\glfw\win32_tls.c">
      <Filter>Source Files</Filter>
    </ClCompile>
    <ClCompile Include="cugl\external\box2d\demo\glfw\win32_window.c">
      <Filter>Source Files</Filter>
    </ClCompile>
    <ClCompile Include="cugl\external\box2d\demo\glfw\window.c">
      <Filter>Source Files</Filter>
    </ClCompile>
    <ClCompile Include="cugl\external\box2d\demo\glfw\winmm_joystick.c">
      <Filter>Source Files</Filter>
    </ClCompile>
    <ClCompile Include="cugl\external\box2d\demo\glfw\wl_init.c">
      <Filter>Source Files</Filter>
    </ClCompile>
    <ClCompile Include="cugl\external\box2d\demo\glfw\wl_monitor.c">
      <Filter>Source Files</Filter>
    </ClCompile>
    <ClCompile Include="cugl\external\box2d\demo\glfw\wl_window.c">
      <Filter>Source Files</Filter>
    </ClCompile>
    <ClCompile Include="cugl\external\box2d\demo\glfw\x11_init.c">
      <Filter>Source Files</Filter>
    </ClCompile>
    <ClCompile Include="cugl\external\box2d\demo\glfw\x11_monitor.c">
      <Filter>Source Files</Filter>
    </ClCompile>
    <ClCompile Include="cugl\external\box2d\demo\glfw\x11_window.c">
      <Filter>Source Files</Filter>
    </ClCompile>
    <ClCompile Include="cugl\external\box2d\demo\glfw\xkb_unicode.c">
      <Filter>Source Files</Filter>
    </ClCompile>
    <ClCompile Include="cugl\external\box2d\demo\helloworld\HelloWorld.cpp">
      <Filter>Source Files</Filter>
    </ClCompile>
    <ClCompile Include="cugl\external\box2d\demo\imgui\imgui.cpp">
      <Filter>Source Files</Filter>
    </ClCompile>
    <ClCompile Include="cugl\external\box2d\demo\imgui\imgui_demo.cpp">
      <Filter>Source Files</Filter>
    </ClCompile>
    <ClCompile Include="cugl\external\box2d\demo\imgui\imgui_draw.cpp">
      <Filter>Source Files</Filter>
    </ClCompile>
    <ClCompile Include="cugl\external\box2d\demo\imgui\imgui_impl_glfw_gl3.cpp">
      <Filter>Source Files</Filter>
    </ClCompile>
    <ClCompile Include="cugl\external\box2d\demo\testbed\framework\DebugDraw.cpp">
      <Filter>Source Files</Filter>
    </ClCompile>
    <ClCompile Include="cugl\external\box2d\demo\testbed\framework\Main.cpp">
      <Filter>Source Files</Filter>
    </ClCompile>
    <ClCompile Include="cugl\external\box2d\demo\testbed\framework\Test.cpp">
      <Filter>Source Files</Filter>
    </ClCompile>
    <ClCompile Include="cugl\external\box2d\demo\testbed\tests\TestEntries.cpp">
      <Filter>Source Files</Filter>
    </ClCompile>
    <ClCompile Include="cugl\external\box2d\src\box2d\collision\b2BroadPhase.cpp">
      <Filter>Source Files</Filter>
    </ClCompile>
    <ClCompile Include="cugl\external\box2d\src\box2d\collision\b2CollideCircle.cpp">
      <Filter>Source Files</Filter>
    </ClCompile>
    <ClCompile Include="cugl\external\box2d\src\box2d\collision\b2CollideEdge.cpp">
      <Filter>Source Files</Filter>
    </ClCompile>
    <ClCompile Include="cugl\external\box2d\src\box2d\collision\b2CollidePolygon.cpp">
      <Filter>Source Files</Filter>
    </ClCompile>
    <ClCompile Include="cugl\external\box2d\src\box2d\collision\b2Collision.cpp">
      <Filter>Source Files</Filter>
    </ClCompile>
    <ClCompile Include="cugl\external\box2d\src\box2d\collision\b2Distance.cpp">
      <Filter>Source Files</Filter>
    </ClCompile>
    <ClCompile Include="cugl\external\box2d\src\box2d\collision\b2DynamicTree.cpp">
      <Filter>Source Files</Filter>
    </ClCompile>
    <ClCompile Include="cugl\external\box2d\src\box2d\collision\b2TimeOfImpact.cpp">
      <Filter>Source Files</Filter>
    </ClCompile>
    <ClCompile Include="cugl\external\box2d\src\box2d\collision\shapes\b2ChainShape.cpp">
      <Filter>Source Files</Filter>
    </ClCompile>
    <ClCompile Include="cugl\external\box2d\src\box2d\collision\shapes\b2CircleShape.cpp">
      <Filter>Source Files</Filter>
    </ClCompile>
    <ClCompile Include="cugl\external\box2d\src\box2d\collision\shapes\b2EdgeShape.cpp">
      <Filter>Source Files</Filter>
    </ClCompile>
    <ClCompile Include="cugl\external\box2d\src\box2d\collision\shapes\b2PolygonShape.cpp">
      <Filter>Source Files</Filter>
    </ClCompile>
    <ClCompile Include="cugl\external\box2d\src\box2d\common\b2BlockAllocator.cpp">
      <Filter>Source Files</Filter>
    </ClCompile>
    <ClCompile Include="cugl\external\box2d\src\box2d\common\b2Draw.cpp">
      <Filter>Source Files</Filter>
    </ClCompile>
    <ClCompile Include="cugl\external\box2d\src\box2d\common\b2Math.cpp">
      <Filter>Source Files</Filter>
    </ClCompile>
    <ClCompile Include="cugl\external\box2d\src\box2d\common\b2Settings.cpp">
      <Filter>Source Files</Filter>
    </ClCompile>
    <ClCompile Include="cugl\external\box2d\src\box2d\common\b2StackAllocator.cpp">
      <Filter>Source Files</Filter>
    </ClCompile>
    <ClCompile Include="cugl\external\box2d\src\box2d\common\b2Timer.cpp">
      <Filter>Source Files</Filter>
    </ClCompile>
    <ClCompile Include="cugl\external\box2d\src\box2d\dynamics\b2Body.cpp">
      <Filter>Source Files</Filter>
    </ClCompile>
    <ClCompile Include="cugl\external\box2d\src\box2d\dynamics\b2ContactManager.cpp">
      <Filter>Source Files</Filter>
    </ClCompile>
    <ClCompile Include="cugl\external\box2d\src\box2d\dynamics\b2Fixture.cpp">
      <Filter>Source Files</Filter>
    </ClCompile>
    <ClCompile Include="cugl\external\box2d\src\box2d\dynamics\b2Island.cpp">
      <Filter>Source Files</Filter>
    </ClCompile>
    <ClCompile Include="cugl\external\box2d\src\box2d\dynamics\b2World.cpp">
      <Filter>Source Files</Filter>
    </ClCompile>
    <ClCompile Include="cugl\external\box2d\src\box2d\dynamics\b2WorldCallbacks.cpp">
      <Filter>Source Files</Filter>
    </ClCompile>
    <ClCompile Include="cugl\external\box2d\src\box2d\dynamics\contacts\b2ChainAndCircleContact.cpp">
      <Filter>Source Files</Filter>
    </ClCompile>
    <ClCompile Include="cugl\external\box2d\src\box2d\dynamics\contacts\b2ChainAndPolygonContact.cpp">
      <Filter>Source Files</Filter>
    </ClCompile>
    <ClCompile Include="cugl\external\box2d\src\box2d\dynamics\contacts\b2CircleContact.cpp">
      <Filter>Source Files</Filter>
    </ClCompile>
    <ClCompile Include="cugl\external\box2d\src\box2d\dynamics\contacts\b2Contact.cpp">
      <Filter>Source Files</Filter>
    </ClCompile>
    <ClCompile Include="cugl\external\box2d\src\box2d\dynamics\contacts\b2ContactSolver.cpp">
      <Filter>Source Files</Filter>
    </ClCompile>
    <ClCompile Include="cugl\external\box2d\src\box2d\dynamics\contacts\b2EdgeAndCircleContact.cpp">
      <Filter>Source Files</Filter>
    </ClCompile>
    <ClCompile Include="cugl\external\box2d\src\box2d\dynamics\contacts\b2EdgeAndPolygonContact.cpp">
      <Filter>Source Files</Filter>
    </ClCompile>
    <ClCompile Include="cugl\external\box2d\src\box2d\dynamics\contacts\b2PolygonAndCircleContact.cpp">
      <Filter>Source Files</Filter>
    </ClCompile>
    <ClCompile Include="cugl\external\box2d\src\box2d\dynamics\contacts\b2PolygonContact.cpp">
      <Filter>Source Files</Filter>
    </ClCompile>
    <ClCompile Include="cugl\external\box2d\src\box2d\dynamics\joints\b2DistanceJoint.cpp">
      <Filter>Source Files</Filter>
    </ClCompile>
    <ClCompile Include="cugl\external\box2d\src\box2d\dynamics\joints\b2FrictionJoint.cpp">
      <Filter>Source Files</Filter>
    </ClCompile>
    <ClCompile Include="cugl\external\box2d\src\box2d\dynamics\joints\b2GearJoint.cpp">
      <Filter>Source Files</Filter>
    </ClCompile>
    <ClCompile Include="cugl\external\box2d\src\box2d\dynamics\joints\b2Joint.cpp">
      <Filter>Source Files</Filter>
    </ClCompile>
    <ClCompile Include="cugl\external\box2d\src\box2d\dynamics\joints\b2MotorJoint.cpp">
      <Filter>Source Files</Filter>
    </ClCompile>
    <ClCompile Include="cugl\external\box2d\src\box2d\dynamics\joints\b2MouseJoint.cpp">
      <Filter>Source Files</Filter>
    </ClCompile>
    <ClCompile Include="cugl\external\box2d\src\box2d\dynamics\joints\b2PrismaticJoint.cpp">
      <Filter>Source Files</Filter>
    </ClCompile>
    <ClCompile Include="cugl\external\box2d\src\box2d\dynamics\joints\b2PulleyJoint.cpp">
      <Filter>Source Files</Filter>
    </ClCompile>
    <ClCompile Include="cugl\external\box2d\src\box2d\dynamics\joints\b2RevoluteJoint.cpp">
      <Filter>Source Files</Filter>
    </ClCompile>
    <ClCompile Include="cugl\external\box2d\src\box2d\dynamics\joints\b2RopeJoint.cpp">
      <Filter>Source Files</Filter>
    </ClCompile>
    <ClCompile Include="cugl\external\box2d\src\box2d\dynamics\joints\b2WeldJoint.cpp">
      <Filter>Source Files</Filter>
    </ClCompile>
    <ClCompile Include="cugl\external\box2d\src\box2d\dynamics\joints\b2WheelJoint.cpp">
      <Filter>Source Files</Filter>
    </ClCompile>
    <ClCompile Include="cugl\external\box2d\src\box2d\rope\b2Rope.cpp">
      <Filter>Source Files</Filter>
    </ClCompile>
    <ClCompile Include="cugl\external\cjson\cJSON.c">
      <Filter>Source Files</Filter>
    </ClCompile>
    <ClCompile Include="cugl\src\2d\CUAnimationNode.cpp">
      <Filter>Source Files</Filter>
    </ClCompile>
    <ClCompile Include="cugl\src\2d\CUButton.cpp">
      <Filter>Source Files</Filter>
    </ClCompile>
    <ClCompile Include="cugl\src\2d\CUFont.cpp">
      <Filter>Source Files</Filter>
    </ClCompile>
    <ClCompile Include="cugl\src\2d\CULabel.cpp">
      <Filter>Source Files</Filter>
    </ClCompile>
    <ClCompile Include="cugl\src\2d\CUNode.cpp">
      <Filter>Source Files</Filter>
    </ClCompile>
    <ClCompile Include="cugl\src\2d\CUPathNode.cpp">
      <Filter>Source Files</Filter>
    </ClCompile>
    <ClCompile Include="cugl\src\2d\CUPolygonNode.cpp">
      <Filter>Source Files</Filter>
    </ClCompile>
    <ClCompile Include="cugl\src\2d\CUProgressBar.cpp">
      <Filter>Source Files</Filter>
    </ClCompile>
    <ClCompile Include="cugl\src\2d\CUScene.cpp">
      <Filter>Source Files</Filter>
    </ClCompile>
    <ClCompile Include="cugl\src\2d\CUTexturedNode.cpp">
      <Filter>Source Files</Filter>
    </ClCompile>
    <ClCompile Include="cugl\src\2d\CUWireNode.cpp">
      <Filter>Source Files</Filter>
    </ClCompile>
    <ClCompile Include="cugl\src\2d\physics\CUBoxObstacle.cpp">
      <Filter>Source Files</Filter>
    </ClCompile>
    <ClCompile Include="cugl\src\2d\physics\CUCapsuleObstacle.cpp">
      <Filter>Source Files</Filter>
    </ClCompile>
    <ClCompile Include="cugl\src\2d\physics\CUComplexObstacle.cpp">
      <Filter>Source Files</Filter>
    </ClCompile>
    <ClCompile Include="cugl\src\2d\physics\CUObstacle.cpp">
      <Filter>Source Files</Filter>
    </ClCompile>
    <ClCompile Include="cugl\src\2d\physics\CUObstacleSelector.cpp">
      <Filter>Source Files</Filter>
    </ClCompile>
    <ClCompile Include="cugl\src\2d\physics\CUObstacleWorld.cpp">
      <Filter>Source Files</Filter>
    </ClCompile>
    <ClCompile Include="cugl\src\2d\physics\CUPolygonObstacle.cpp">
      <Filter>Source Files</Filter>
    </ClCompile>
    <ClCompile Include="cugl\src\2d\physics\CUSimpleObstacle.cpp">
      <Filter>Source Files</Filter>
    </ClCompile>
    <ClCompile Include="cugl\src\2d\physics\CUWheelObstacle.cpp">
      <Filter>Source Files</Filter>
    </ClCompile>
    <ClCompile Include="cugl\src\assets\CUAssetManager.cpp">
      <Filter>Source Files</Filter>
    </ClCompile>
    <ClCompile Include="cugl\src\assets\CUFontLoader.cpp">
      <Filter>Source Files</Filter>
    </ClCompile>
    <ClCompile Include="cugl\src\assets\CUJsonLoader.cpp">
      <Filter>Source Files</Filter>
    </ClCompile>
    <ClCompile Include="cugl\src\assets\CUJsonValue.cpp">
      <Filter>Source Files</Filter>
    </ClCompile>
    <ClCompile Include="cugl\src\assets\CUMusicLoader.cpp">
      <Filter>Source Files</Filter>
    </ClCompile>
    <ClCompile Include="cugl\src\assets\CUSoundLoader.cpp">
      <Filter>Source Files</Filter>
    </ClCompile>
    <ClCompile Include="cugl\src\assets\CUTextureLoader.cpp">
      <Filter>Source Files</Filter>
    </ClCompile>
    <ClCompile Include="cugl\src\audio\CUAudioEngine.cpp">
      <Filter>Source Files</Filter>
    </ClCompile>
    <ClCompile Include="cugl\src\audio\CUMusic.cpp">
      <Filter>Source Files</Filter>
    </ClCompile>
    <ClCompile Include="cugl\src\audio\CUMusicQueue.cpp">
      <Filter>Source Files</Filter>
    </ClCompile>
    <ClCompile Include="cugl\src\audio\CUSound.cpp">
      <Filter>Source Files</Filter>
    </ClCompile>
    <ClCompile Include="cugl\src\audio\CUSoundChannel.cpp">
      <Filter>Source Files</Filter>
    </ClCompile>
    <ClCompile Include="cugl\src\audio\platform\CUAudioEngine-SDL.cpp">
      <Filter>Source Files</Filter>
    </ClCompile>
    <ClCompile Include="cugl\src\base\CUApplication.cpp">
      <Filter>Source Files</Filter>
    </ClCompile>
    <ClCompile Include="cugl\src\base\CUDisplay.cpp">
      <Filter>Source Files</Filter>
    </ClCompile>
    <ClCompile Include="cugl\src\base\platform\CUDisplay-SDL.cpp">
      <Filter>Source Files</Filter>
    </ClCompile>
    <ClCompile Include="cugl\src\input\CUAccelerometer.cpp">
      <Filter>Source Files</Filter>
    </ClCompile>
    <ClCompile Include="cugl\src\input\CUInput.cpp">
      <Filter>Source Files</Filter>
    </ClCompile>
    <ClCompile Include="cugl\src\input\CUKeyboard.cpp">
      <Filter>Source Files</Filter>
    </ClCompile>
    <ClCompile Include="cugl\src\input\CUMouse.cpp">
      <Filter>Source Files</Filter>
    </ClCompile>
    <ClCompile Include="cugl\src\input\CUTextInput.cpp">
      <Filter>Source Files</Filter>
    </ClCompile>
    <ClCompile Include="cugl\src\input\CUTouchscreen.cpp">
      <Filter>Source Files</Filter>
    </ClCompile>
    <ClCompile Include="cugl\src\input\gestures\CUGestureInput.cpp">
      <Filter>Source Files</Filter>
    </ClCompile>
    <ClCompile Include="cugl\src\input\gestures\CUPanInput.cpp">
      <Filter>Source Files</Filter>
    </ClCompile>
    <ClCompile Include="cugl\src\input\gestures\CUPinchInput.cpp">
      <Filter>Source Files</Filter>
    </ClCompile>
    <ClCompile Include="cugl\src\input\gestures\CURotationInput.cpp">
      <Filter>Source Files</Filter>
    </ClCompile>
    <ClCompile Include="cugl\src\io\CUBinaryReader.cpp">
      <Filter>Source Files</Filter>
    </ClCompile>
    <ClCompile Include="cugl\src\io\CUBinaryWriter.cpp">
      <Filter>Source Files</Filter>
    </ClCompile>
    <ClCompile Include="cugl\src\io\CUJsonReader.cpp">
      <Filter>Source Files</Filter>
    </ClCompile>
    <ClCompile Include="cugl\src\io\CUJsonWriter.cpp">
      <Filter>Source Files</Filter>
    </ClCompile>
    <ClCompile Include="cugl\src\io\CUPathname.cpp">
      <Filter>Source Files</Filter>
    </ClCompile>
    <ClCompile Include="cugl\src\io\CUTextReader.cpp">
      <Filter>Source Files</Filter>
    </ClCompile>
    <ClCompile Include="cugl\src\io\CUTextWriter.cpp">
      <Filter>Source Files</Filter>
    </ClCompile>
    <ClCompile Include="cugl\src\math\CUAffine2.cpp">
      <Filter>Source Files</Filter>
    </ClCompile>
    <ClCompile Include="cugl\src\math\CUColor4.cpp">
      <Filter>Source Files</Filter>
    </ClCompile>
    <ClCompile Include="cugl\src\math\CUCubicSpline.cpp">
      <Filter>Source Files</Filter>
    </ClCompile>
    <ClCompile Include="cugl\src\math\CUFrustum.cpp">
      <Filter>Source Files</Filter>
    </ClCompile>
    <ClCompile Include="cugl\src\math\CUMat4.cpp">
      <Filter>Source Files</Filter>
    </ClCompile>
    <ClCompile Include="cugl\src\math\CUMathBase.cpp">
      <Filter>Source Files</Filter>
    </ClCompile>
    <ClCompile Include="cugl\src\math\CUPlane.cpp">
      <Filter>Source Files</Filter>
    </ClCompile>
    <ClCompile Include="cugl\src\math\CUPoly2.cpp">
      <Filter>Source Files</Filter>
    </ClCompile>
    <ClCompile Include="cugl\src\math\CUPolynomial.cpp">
      <Filter>Source Files</Filter>
    </ClCompile>
    <ClCompile Include="cugl\src\math\CUQuaternion.cpp">
      <Filter>Source Files</Filter>
    </ClCompile>
    <ClCompile Include="cugl\src\math\CURay.cpp">
      <Filter>Source Files</Filter>
    </ClCompile>
    <ClCompile Include="cugl\src\math\CURect.cpp">
      <Filter>Source Files</Filter>
    </ClCompile>
    <ClCompile Include="cugl\src\math\CUSize.cpp">
      <Filter>Source Files</Filter>
    </ClCompile>
    <ClCompile Include="cugl\src\math\CUVec2.cpp">
      <Filter>Source Files</Filter>
    </ClCompile>
    <ClCompile Include="cugl\src\math\CUVec3.cpp">
      <Filter>Source Files</Filter>
    </ClCompile>
    <ClCompile Include="cugl\src\math\CUVec4.cpp">
      <Filter>Source Files</Filter>
    </ClCompile>
    <ClCompile Include="cugl\src\math\polygon\CUCubicSplineApproximator.cpp">
      <Filter>Source Files</Filter>
    </ClCompile>
    <ClCompile Include="cugl\src\math\polygon\CUPathExtruder.cpp">
      <Filter>Source Files</Filter>
    </ClCompile>
    <ClCompile Include="cugl\src\math\polygon\CUPathOutliner.cpp">
      <Filter>Source Files</Filter>
    </ClCompile>
    <ClCompile Include="cugl\src\math\polygon\CUSimpleTriangulator.cpp">
      <Filter>Source Files</Filter>
    </ClCompile>
    <ClCompile Include="cugl\src\renderer\CUCamera.cpp">
      <Filter>Source Files</Filter>
    </ClCompile>
    <ClCompile Include="cugl\src\renderer\CUOrthographicCamera.cpp">
      <Filter>Source Files</Filter>
    </ClCompile>
    <ClCompile Include="cugl\src\renderer\CUPerspectiveCamera.cpp">
      <Filter>Source Files</Filter>
    </ClCompile>
    <ClCompile Include="cugl\src\renderer\CUShader.cpp">
      <Filter>Source Files</Filter>
    </ClCompile>
    <ClCompile Include="cugl\src\renderer\CUSpriteBatch.cpp">
      <Filter>Source Files</Filter>
    </ClCompile>
    <ClCompile Include="cugl\src\renderer\CUSpriteShader.cpp">
      <Filter>Source Files</Filter>
    </ClCompile>
    <ClCompile Include="cugl\src\renderer\CUTexture.cpp">
      <Filter>Source Files</Filter>
    </ClCompile>
    <ClCompile Include="cugl\src\util\CUDebug.cpp">
      <Filter>Source Files</Filter>
    </ClCompile>
    <ClCompile Include="cugl\src\util\CUStrings.cpp">
      <Filter>Source Files</Filter>
    </ClCompile>
    <ClCompile Include="cugl\src\util\CUThreadPool.cpp">
      <Filter>Source Files</Filter>
    </ClCompile>
    <ClCompile Include="source\AbstractController.cpp">
      <Filter>Source Files</Filter>
    </ClCompile>
    <ClCompile Include="source\App.cpp">
      <Filter>Source Files</Filter>
    </ClCompile>
    <ClCompile Include="source\Character.cpp">
      <Filter>Source Files</Filter>
    </ClCompile>
    <ClCompile Include="source\GameController.cpp">
      <Filter>Source Files</Filter>
    </ClCompile>
    <ClCompile Include="source\GameMode.cpp">
      <Filter>Source Files</Filter>
    </ClCompile>
    <ClCompile Include="source\GameModel.cpp">
      <Filter>Source Files</Filter>
    </ClCompile>
    <ClCompile Include="source\InputController.cpp">
      <Filter>Source Files</Filter>
    </ClCompile>
    <ClCompile Include="source\LevelController.cpp">
      <Filter>Source Files</Filter>
    </ClCompile>
    <ClCompile Include="source\LevelLoader.cpp">
      <Filter>Source Files</Filter>
    </ClCompile>
    <ClCompile Include="source\LoadingMode.cpp">
      <Filter>Source Files</Filter>
    </ClCompile>
    <ClCompile Include="source\main.cpp">
      <Filter>Source Files</Filter>
    </ClCompile>
    <ClCompile Include="source\RDGameMode.cpp">
      <Filter>Source Files</Filter>
    </ClCompile>
    <ClCompile Include="source\RDInput.cpp">
      <Filter>Source Files</Filter>
    </ClCompile>
    <ClCompile Include="source\RDRocketModel.cpp">
      <Filter>Source Files</Filter>
    </ClCompile>
    <ClCompile Include="source\Tile.cpp">
      <Filter>Source Files</Filter>
    </ClCompile>
    <ClCompile Include="source\UIController.cpp">
      <Filter>Source Files</Filter>
    </ClCompile>
  </ItemGroup>
  <ItemGroup>
    <ClInclude Include="build-android\sdl2\SDL_config.h">
      <Filter>Header Files</Filter>
    </ClInclude>
    <ClInclude Include="build-android\sdl2\includes\sdl2\begin_code.h">
      <Filter>Header Files</Filter>
    </ClInclude>
    <ClInclude Include="build-android\sdl2\includes\sdl2\close_code.h">
      <Filter>Header Files</Filter>
    </ClInclude>
    <ClInclude Include="build-android\sdl2\includes\sdl2\SDL.h">
      <Filter>Header Files</Filter>
    </ClInclude>
    <ClInclude Include="build-android\sdl2\includes\sdl2\SDL_assert.h">
      <Filter>Header Files</Filter>
    </ClInclude>
    <ClInclude Include="build-android\sdl2\includes\sdl2\SDL_atomic.h">
      <Filter>Header Files</Filter>
    </ClInclude>
    <ClInclude Include="build-android\sdl2\includes\sdl2\SDL_audio.h">
      <Filter>Header Files</Filter>
    </ClInclude>
    <ClInclude Include="build-android\sdl2\includes\sdl2\SDL_bits.h">
      <Filter>Header Files</Filter>
    </ClInclude>
    <ClInclude Include="build-android\sdl2\includes\sdl2\SDL_blendmode.h">
      <Filter>Header Files</Filter>
    </ClInclude>
    <ClInclude Include="build-android\sdl2\includes\sdl2\SDL_clipboard.h">
      <Filter>Header Files</Filter>
    </ClInclude>
    <ClInclude Include="build-android\sdl2\includes\sdl2\SDL_config.h">
      <Filter>Header Files</Filter>
    </ClInclude>
    <ClInclude Include="build-android\sdl2\includes\sdl2\SDL_config_android.h">
      <Filter>Header Files</Filter>
    </ClInclude>
    <ClInclude Include="build-android\sdl2\includes\sdl2\SDL_config_iphoneos.h">
      <Filter>Header Files</Filter>
    </ClInclude>
    <ClInclude Include="build-android\sdl2\includes\sdl2\SDL_config_macosx.h">
      <Filter>Header Files</Filter>
    </ClInclude>
    <ClInclude Include="build-android\sdl2\includes\sdl2\SDL_config_minimal.h">
      <Filter>Header Files</Filter>
    </ClInclude>
    <ClInclude Include="build-android\sdl2\includes\sdl2\SDL_config_pandora.h">
      <Filter>Header Files</Filter>
    </ClInclude>
    <ClInclude Include="build-android\sdl2\includes\sdl2\SDL_config_psp.h">
      <Filter>Header Files</Filter>
    </ClInclude>
    <ClInclude Include="build-android\sdl2\includes\sdl2\SDL_config_windows.h">
      <Filter>Header Files</Filter>
    </ClInclude>
    <ClInclude Include="build-android\sdl2\includes\sdl2\SDL_config_winrt.h">
      <Filter>Header Files</Filter>
    </ClInclude>
    <ClInclude Include="build-android\sdl2\includes\sdl2\SDL_config_wiz.h">
      <Filter>Header Files</Filter>
    </ClInclude>
    <ClInclude Include="build-android\sdl2\includes\sdl2\SDL_copying.h">
      <Filter>Header Files</Filter>
    </ClInclude>
    <ClInclude Include="build-android\sdl2\includes\sdl2\SDL_cpuinfo.h">
      <Filter>Header Files</Filter>
    </ClInclude>
    <ClInclude Include="build-android\sdl2\includes\sdl2\SDL_egl.h">
      <Filter>Header Files</Filter>
    </ClInclude>
    <ClInclude Include="build-android\sdl2\includes\sdl2\SDL_endian.h">
      <Filter>Header Files</Filter>
    </ClInclude>
    <ClInclude Include="build-android\sdl2\includes\sdl2\SDL_error.h">
      <Filter>Header Files</Filter>
    </ClInclude>
    <ClInclude Include="build-android\sdl2\includes\sdl2\SDL_events.h">
      <Filter>Header Files</Filter>
    </ClInclude>
    <ClInclude Include="build-android\sdl2\includes\sdl2\SDL_filesystem.h">
      <Filter>Header Files</Filter>
    </ClInclude>
    <ClInclude Include="build-android\sdl2\includes\sdl2\SDL_gamecontroller.h">
      <Filter>Header Files</Filter>
    </ClInclude>
    <ClInclude Include="build-android\sdl2\includes\sdl2\SDL_gesture.h">
      <Filter>Header Files</Filter>
    </ClInclude>
    <ClInclude Include="build-android\sdl2\includes\sdl2\SDL_haptic.h">
      <Filter>Header Files</Filter>
    </ClInclude>
    <ClInclude Include="build-android\sdl2\includes\sdl2\SDL_hints.h">
      <Filter>Header Files</Filter>
    </ClInclude>
    <ClInclude Include="build-android\sdl2\includes\sdl2\SDL_joystick.h">
      <Filter>Header Files</Filter>
    </ClInclude>
    <ClInclude Include="build-android\sdl2\includes\sdl2\SDL_keyboard.h">
      <Filter>Header Files</Filter>
    </ClInclude>
    <ClInclude Include="build-android\sdl2\includes\sdl2\SDL_keycode.h">
      <Filter>Header Files</Filter>
    </ClInclude>
    <ClInclude Include="build-android\sdl2\includes\sdl2\SDL_loadso.h">
      <Filter>Header Files</Filter>
    </ClInclude>
    <ClInclude Include="build-android\sdl2\includes\sdl2\SDL_log.h">
      <Filter>Header Files</Filter>
    </ClInclude>
    <ClInclude Include="build-android\sdl2\includes\sdl2\SDL_main.h">
      <Filter>Header Files</Filter>
    </ClInclude>
    <ClInclude Include="build-android\sdl2\includes\sdl2\SDL_messagebox.h">
      <Filter>Header Files</Filter>
    </ClInclude>
    <ClInclude Include="build-android\sdl2\includes\sdl2\SDL_mouse.h">
      <Filter>Header Files</Filter>
    </ClInclude>
    <ClInclude Include="build-android\sdl2\includes\sdl2\SDL_mutex.h">
      <Filter>Header Files</Filter>
    </ClInclude>
    <ClInclude Include="build-android\sdl2\includes\sdl2\SDL_name.h">
      <Filter>Header Files</Filter>
    </ClInclude>
    <ClInclude Include="build-android\sdl2\includes\sdl2\SDL_opengl.h">
      <Filter>Header Files</Filter>
    </ClInclude>
    <ClInclude Include="build-android\sdl2\includes\sdl2\SDL_opengles.h">
      <Filter>Header Files</Filter>
    </ClInclude>
    <ClInclude Include="build-android\sdl2\includes\sdl2\SDL_opengles2.h">
      <Filter>Header Files</Filter>
    </ClInclude>
    <ClInclude Include="build-android\sdl2\includes\sdl2\SDL_opengles2_gl2.h">
      <Filter>Header Files</Filter>
    </ClInclude>
    <ClInclude Include="build-android\sdl2\includes\sdl2\SDL_opengles2_gl2ext.h">
      <Filter>Header Files</Filter>
    </ClInclude>
    <ClInclude Include="build-android\sdl2\includes\sdl2\SDL_opengles2_gl2platform.h">
      <Filter>Header Files</Filter>
    </ClInclude>
    <ClInclude Include="build-android\sdl2\includes\sdl2\SDL_opengles2_khrplatform.h">
      <Filter>Header Files</Filter>
    </ClInclude>
    <ClInclude Include="build-android\sdl2\includes\sdl2\SDL_opengl_glext.h">
      <Filter>Header Files</Filter>
    </ClInclude>
    <ClInclude Include="build-android\sdl2\includes\sdl2\SDL_pixels.h">
      <Filter>Header Files</Filter>
    </ClInclude>
    <ClInclude Include="build-android\sdl2\includes\sdl2\SDL_platform.h">
      <Filter>Header Files</Filter>
    </ClInclude>
    <ClInclude Include="build-android\sdl2\includes\sdl2\SDL_power.h">
      <Filter>Header Files</Filter>
    </ClInclude>
    <ClInclude Include="build-android\sdl2\includes\sdl2\SDL_quit.h">
      <Filter>Header Files</Filter>
    </ClInclude>
    <ClInclude Include="build-android\sdl2\includes\sdl2\SDL_rect.h">
      <Filter>Header Files</Filter>
    </ClInclude>
    <ClInclude Include="build-android\sdl2\includes\sdl2\SDL_render.h">
      <Filter>Header Files</Filter>
    </ClInclude>
    <ClInclude Include="build-android\sdl2\includes\sdl2\SDL_revision.h">
      <Filter>Header Files</Filter>
    </ClInclude>
    <ClInclude Include="build-android\sdl2\includes\sdl2\SDL_rwops.h">
      <Filter>Header Files</Filter>
    </ClInclude>
    <ClInclude Include="build-android\sdl2\includes\sdl2\SDL_scancode.h">
      <Filter>Header Files</Filter>
    </ClInclude>
    <ClInclude Include="build-android\sdl2\includes\sdl2\SDL_shape.h">
      <Filter>Header Files</Filter>
    </ClInclude>
    <ClInclude Include="build-android\sdl2\includes\sdl2\SDL_stdinc.h">
      <Filter>Header Files</Filter>
    </ClInclude>
    <ClInclude Include="build-android\sdl2\includes\sdl2\SDL_surface.h">
      <Filter>Header Files</Filter>
    </ClInclude>
    <ClInclude Include="build-android\sdl2\includes\sdl2\SDL_system.h">
      <Filter>Header Files</Filter>
    </ClInclude>
    <ClInclude Include="build-android\sdl2\includes\sdl2\SDL_syswm.h">
      <Filter>Header Files</Filter>
    </ClInclude>
    <ClInclude Include="build-android\sdl2\includes\sdl2\SDL_test.h">
      <Filter>Header Files</Filter>
    </ClInclude>
    <ClInclude Include="build-android\sdl2\includes\sdl2\SDL_test_assert.h">
      <Filter>Header Files</Filter>
    </ClInclude>
    <ClInclude Include="build-android\sdl2\includes\sdl2\SDL_test_common.h">
      <Filter>Header Files</Filter>
    </ClInclude>
    <ClInclude Include="build-android\sdl2\includes\sdl2\SDL_test_compare.h">
      <Filter>Header Files</Filter>
    </ClInclude>
    <ClInclude Include="build-android\sdl2\includes\sdl2\SDL_test_crc32.h">
      <Filter>Header Files</Filter>
    </ClInclude>
    <ClInclude Include="build-android\sdl2\includes\sdl2\SDL_test_font.h">
      <Filter>Header Files</Filter>
    </ClInclude>
    <ClInclude Include="build-android\sdl2\includes\sdl2\SDL_test_fuzzer.h">
      <Filter>Header Files</Filter>
    </ClInclude>
    <ClInclude Include="build-android\sdl2\includes\sdl2\SDL_test_harness.h">
      <Filter>Header Files</Filter>
    </ClInclude>
    <ClInclude Include="build-android\sdl2\includes\sdl2\SDL_test_images.h">
      <Filter>Header Files</Filter>
    </ClInclude>
    <ClInclude Include="build-android\sdl2\includes\sdl2\SDL_test_log.h">
      <Filter>Header Files</Filter>
    </ClInclude>
    <ClInclude Include="build-android\sdl2\includes\sdl2\SDL_test_md5.h">
      <Filter>Header Files</Filter>
    </ClInclude>
    <ClInclude Include="build-android\sdl2\includes\sdl2\SDL_test_random.h">
      <Filter>Header Files</Filter>
    </ClInclude>
    <ClInclude Include="build-android\sdl2\includes\sdl2\SDL_thread.h">
      <Filter>Header Files</Filter>
    </ClInclude>
    <ClInclude Include="build-android\sdl2\includes\sdl2\SDL_timer.h">
      <Filter>Header Files</Filter>
    </ClInclude>
    <ClInclude Include="build-android\sdl2\includes\sdl2\SDL_touch.h">
      <Filter>Header Files</Filter>
    </ClInclude>
    <ClInclude Include="build-android\sdl2\includes\sdl2\SDL_types.h">
      <Filter>Header Files</Filter>
    </ClInclude>
    <ClInclude Include="build-android\sdl2\includes\sdl2\SDL_version.h">
      <Filter>Header Files</Filter>
    </ClInclude>
    <ClInclude Include="build-android\sdl2\includes\sdl2\SDL_video.h">
      <Filter>Header Files</Filter>
    </ClInclude>
    <ClInclude Include="build-android\sdl2\includes\sdl2_image\miniz.h">
      <Filter>Header Files</Filter>
    </ClInclude>
    <ClInclude Include="build-android\sdl2\includes\sdl2_image\SDL2_image.h">
      <Filter>Header Files</Filter>
    </ClInclude>
    <ClInclude Include="build-android\sdl2\includes\sdl2_image\SDL_image.h">
      <Filter>Header Files</Filter>
    </ClInclude>
    <ClInclude Include="build-android\sdl2\includes\sdl2_mixer\SDL2_mixer.h">
      <Filter>Header Files</Filter>
    </ClInclude>
    <ClInclude Include="build-android\sdl2\includes\sdl2_mixer\SDL_mixer.h">
      <Filter>Header Files</Filter>
    </ClInclude>
    <ClInclude Include="build-android\sdl2\includes\sdl2_mixer\timidity\timidity.h">
      <Filter>Header Files</Filter>
    </ClInclude>
    <ClInclude Include="build-android\sdl2\includes\sdl2_ttf\ft2build.h">
      <Filter>Header Files</Filter>
    </ClInclude>
    <ClInclude Include="build-android\sdl2\includes\sdl2_ttf\SDL2_ttf.h">
      <Filter>Header Files</Filter>
    </ClInclude>
    <ClInclude Include="build-android\sdl2\includes\sdl2_ttf\SDL_ttf.h">
      <Filter>Header Files</Filter>
    </ClInclude>
    <ClInclude Include="build-android\sdl2\includes\sdl2_ttf\freetype\freetype.h">
      <Filter>Header Files</Filter>
    </ClInclude>
    <ClInclude Include="build-android\sdl2\includes\sdl2_ttf\freetype\ftadvanc.h">
      <Filter>Header Files</Filter>
    </ClInclude>
    <ClInclude Include="build-android\sdl2\includes\sdl2_ttf\freetype\ftautoh.h">
      <Filter>Header Files</Filter>
    </ClInclude>
    <ClInclude Include="build-android\sdl2\includes\sdl2_ttf\freetype\ftbbox.h">
      <Filter>Header Files</Filter>
    </ClInclude>
    <ClInclude Include="build-android\sdl2\includes\sdl2_ttf\freetype\ftbdf.h">
      <Filter>Header Files</Filter>
    </ClInclude>
    <ClInclude Include="build-android\sdl2\includes\sdl2_ttf\freetype\ftbitmap.h">
      <Filter>Header Files</Filter>
    </ClInclude>
    <ClInclude Include="build-android\sdl2\includes\sdl2_ttf\freetype\ftbzip2.h">
      <Filter>Header Files</Filter>
    </ClInclude>
    <ClInclude Include="build-android\sdl2\includes\sdl2_ttf\freetype\ftcache.h">
      <Filter>Header Files</Filter>
    </ClInclude>
    <ClInclude Include="build-android\sdl2\includes\sdl2_ttf\freetype\ftcffdrv.h">
      <Filter>Header Files</Filter>
    </ClInclude>
    <ClInclude Include="build-android\sdl2\includes\sdl2_ttf\freetype\ftchapters.h">
      <Filter>Header Files</Filter>
    </ClInclude>
    <ClInclude Include="build-android\sdl2\includes\sdl2_ttf\freetype\ftcid.h">
      <Filter>Header Files</Filter>
    </ClInclude>
    <ClInclude Include="build-android\sdl2\includes\sdl2_ttf\freetype\fterrdef.h">
      <Filter>Header Files</Filter>
    </ClInclude>
    <ClInclude Include="build-android\sdl2\includes\sdl2_ttf\freetype\fterrors.h">
      <Filter>Header Files</Filter>
    </ClInclude>
    <ClInclude Include="build-android\sdl2\includes\sdl2_ttf\freetype\ftgasp.h">
      <Filter>Header Files</Filter>
    </ClInclude>
    <ClInclude Include="build-android\sdl2\includes\sdl2_ttf\freetype\ftglyph.h">
      <Filter>Header Files</Filter>
    </ClInclude>
    <ClInclude Include="build-android\sdl2\includes\sdl2_ttf\freetype\ftgxval.h">
      <Filter>Header Files</Filter>
    </ClInclude>
    <ClInclude Include="build-android\sdl2\includes\sdl2_ttf\freetype\ftgzip.h">
      <Filter>Header Files</Filter>
    </ClInclude>
    <ClInclude Include="build-android\sdl2\includes\sdl2_ttf\freetype\ftimage.h">
      <Filter>Header Files</Filter>
    </ClInclude>
    <ClInclude Include="build-android\sdl2\includes\sdl2_ttf\freetype\ftincrem.h">
      <Filter>Header Files</Filter>
    </ClInclude>
    <ClInclude Include="build-android\sdl2\includes\sdl2_ttf\freetype\ftlcdfil.h">
      <Filter>Header Files</Filter>
    </ClInclude>
    <ClInclude Include="build-android\sdl2\includes\sdl2_ttf\freetype\ftlist.h">
      <Filter>Header Files</Filter>
    </ClInclude>
    <ClInclude Include="build-android\sdl2\includes\sdl2_ttf\freetype\ftlzw.h">
      <Filter>Header Files</Filter>
    </ClInclude>
    <ClInclude Include="build-android\sdl2\includes\sdl2_ttf\freetype\ftmac.h">
      <Filter>Header Files</Filter>
    </ClInclude>
    <ClInclude Include="build-android\sdl2\includes\sdl2_ttf\freetype\ftmm.h">
      <Filter>Header Files</Filter>
    </ClInclude>
    <ClInclude Include="build-android\sdl2\includes\sdl2_ttf\freetype\ftmodapi.h">
      <Filter>Header Files</Filter>
    </ClInclude>
    <ClInclude Include="build-android\sdl2\includes\sdl2_ttf\freetype\ftmoderr.h">
      <Filter>Header Files</Filter>
    </ClInclude>
    <ClInclude Include="build-android\sdl2\includes\sdl2_ttf\freetype\ftotval.h">
      <Filter>Header Files</Filter>
    </ClInclude>
    <ClInclude Include="build-android\sdl2\includes\sdl2_ttf\freetype\ftoutln.h">
      <Filter>Header Files</Filter>
    </ClInclude>
    <ClInclude Include="build-android\sdl2\includes\sdl2_ttf\freetype\ftpfr.h">
      <Filter>Header Files</Filter>
    </ClInclude>
    <ClInclude Include="build-android\sdl2\includes\sdl2_ttf\freetype\ftrender.h">
      <Filter>Header Files</Filter>
    </ClInclude>
    <ClInclude Include="build-android\sdl2\includes\sdl2_ttf\freetype\ftsizes.h">
      <Filter>Header Files</Filter>
    </ClInclude>
    <ClInclude Include="build-android\sdl2\includes\sdl2_ttf\freetype\ftsnames.h">
      <Filter>Header Files</Filter>
    </ClInclude>
    <ClInclude Include="build-android\sdl2\includes\sdl2_ttf\freetype\ftstroke.h">
      <Filter>Header Files</Filter>
    </ClInclude>
    <ClInclude Include="build-android\sdl2\includes\sdl2_ttf\freetype\ftsynth.h">
      <Filter>Header Files</Filter>
    </ClInclude>
    <ClInclude Include="build-android\sdl2\includes\sdl2_ttf\freetype\ftsystem.h">
      <Filter>Header Files</Filter>
    </ClInclude>
    <ClInclude Include="build-android\sdl2\includes\sdl2_ttf\freetype\fttrigon.h">
      <Filter>Header Files</Filter>
    </ClInclude>
    <ClInclude Include="build-android\sdl2\includes\sdl2_ttf\freetype\fttypes.h">
      <Filter>Header Files</Filter>
    </ClInclude>
    <ClInclude Include="build-android\sdl2\includes\sdl2_ttf\freetype\ftwinfnt.h">
      <Filter>Header Files</Filter>
    </ClInclude>
    <ClInclude Include="build-android\sdl2\includes\sdl2_ttf\freetype\ftxf86.h">
      <Filter>Header Files</Filter>
    </ClInclude>
    <ClInclude Include="build-android\sdl2\includes\sdl2_ttf\freetype\t1tables.h">
      <Filter>Header Files</Filter>
    </ClInclude>
    <ClInclude Include="build-android\sdl2\includes\sdl2_ttf\freetype\ttnameid.h">
      <Filter>Header Files</Filter>
    </ClInclude>
    <ClInclude Include="build-android\sdl2\includes\sdl2_ttf\freetype\tttables.h">
      <Filter>Header Files</Filter>
    </ClInclude>
    <ClInclude Include="build-android\sdl2\includes\sdl2_ttf\freetype\tttags.h">
      <Filter>Header Files</Filter>
    </ClInclude>
    <ClInclude Include="build-android\sdl2\includes\sdl2_ttf\freetype\ttunpat.h">
      <Filter>Header Files</Filter>
    </ClInclude>
    <ClInclude Include="build-android\sdl2\includes\sdl2_ttf\freetype\config\ftconfig.h">
      <Filter>Header Files</Filter>
    </ClInclude>
    <ClInclude Include="build-android\sdl2\includes\sdl2_ttf\freetype\config\ftheader.h">
      <Filter>Header Files</Filter>
    </ClInclude>
    <ClInclude Include="build-android\sdl2\includes\sdl2_ttf\freetype\config\ftmodule.h">
      <Filter>Header Files</Filter>
    </ClInclude>
    <ClInclude Include="build-android\sdl2\includes\sdl2_ttf\freetype\config\ftoption.h">
      <Filter>Header Files</Filter>
    </ClInclude>
    <ClInclude Include="build-android\sdl2\includes\sdl2_ttf\freetype\config\ftstdlib.h">
      <Filter>Header Files</Filter>
    </ClInclude>
    <ClInclude Include="build-android\sdl2\main\SDL_internal.h">
      <Filter>Header Files</Filter>
    </ClInclude>
    <ClInclude Include="build-android\sdl2\main\dynapi\SDL_dynapi.h">
      <Filter>Header Files</Filter>
    </ClInclude>
    <ClInclude Include="build-android\sdl2\main\dynapi\SDL_dynapi_overrides.h">
      <Filter>Header Files</Filter>
    </ClInclude>
    <ClInclude Include="build-android\sdl2\main\dynapi\SDL_dynapi_procs.h">
      <Filter>Header Files</Filter>
    </ClInclude>
    <ClInclude Include="build-win10\include\gl\eglew.h">
      <Filter>Header Files</Filter>
    </ClInclude>
    <ClInclude Include="build-win10\include\gl\glew.h">
      <Filter>Header Files</Filter>
    </ClInclude>
    <ClInclude Include="build-win10\include\gl\glxew.h">
      <Filter>Header Files</Filter>
    </ClInclude>
    <ClInclude Include="build-win10\include\gl\wglew.h">
      <Filter>Header Files</Filter>
    </ClInclude>
    <ClInclude Include="build-win10\rocketdemo\resource.h">
      <Filter>Header Files</Filter>
    </ClInclude>
    <ClInclude Include="cugl\build-win10\include\gl\eglew.h">
      <Filter>Header Files</Filter>
    </ClInclude>
    <ClInclude Include="cugl\build-win10\include\gl\glew.h">
      <Filter>Header Files</Filter>
    </ClInclude>
    <ClInclude Include="cugl\build-win10\include\gl\glxew.h">
      <Filter>Header Files</Filter>
    </ClInclude>
    <ClInclude Include="cugl\build-win10\include\gl\wglew.h">
      <Filter>Header Files</Filter>
    </ClInclude>
    <ClInclude Include="cugl\external\box2d\demo\glew\glew.h">
      <Filter>Header Files</Filter>
    </ClInclude>
    <ClInclude Include="cugl\external\box2d\demo\glew\glxew.h">
      <Filter>Header Files</Filter>
    </ClInclude>
    <ClInclude Include="cugl\external\box2d\demo\glew\wglew.h">
      <Filter>Header Files</Filter>
    </ClInclude>
    <ClInclude Include="cugl\external\box2d\demo\glfw\cocoa_platform.h">
      <Filter>Header Files</Filter>
    </ClInclude>
    <ClInclude Include="cugl\external\box2d\demo\glfw\eglext.h">
      <Filter>Header Files</Filter>
    </ClInclude>
    <ClInclude Include="cugl\external\box2d\demo\glfw\egl_context.h">
      <Filter>Header Files</Filter>
    </ClInclude>
    <ClInclude Include="cugl\external\box2d\demo\glfw\glext.h">
      <Filter>Header Files</Filter>
    </ClInclude>
    <ClInclude Include="cugl\external\box2d\demo\glfw\glfw3.h">
      <Filter>Header Files</Filter>
    </ClInclude>
    <ClInclude Include="cugl\external\box2d\demo\glfw\glfw3native.h">
      <Filter>Header Files</Filter>
    </ClInclude>
    <ClInclude Include="cugl\external\box2d\demo\glfw\glfw_config.h">
      <Filter>Header Files</Filter>
    </ClInclude>
    <ClInclude Include="cugl\external\box2d\demo\glfw\glxext.h">
      <Filter>Header Files</Filter>
    </ClInclude>
    <ClInclude Include="cugl\external\box2d\demo\glfw\glx_context.h">
      <Filter>Header Files</Filter>
    </ClInclude>
    <ClInclude Include="cugl\external\box2d\demo\glfw\internal.h">
      <Filter>Header Files</Filter>
    </ClInclude>
    <ClInclude Include="cugl\external\box2d\demo\glfw\iokit_joystick.h">
      <Filter>Header Files</Filter>
    </ClInclude>
    <ClInclude Include="cugl\external\box2d\demo\glfw\linux_joystick.h">
      <Filter>Header Files</Filter>
    </ClInclude>
    <ClInclude Include="cugl\external\box2d\demo\glfw\mir_platform.h">
      <Filter>Header Files</Filter>
    </ClInclude>
    <ClInclude Include="cugl\external\box2d\demo\glfw\nsgl_context.h">
      <Filter>Header Files</Filter>
    </ClInclude>
    <ClInclude Include="cugl\external\box2d\demo\glfw\posix_time.h">
      <Filter>Header Files</Filter>
    </ClInclude>
    <ClInclude Include="cugl\external\box2d\demo\glfw\posix_tls.h">
      <Filter>Header Files</Filter>
    </ClInclude>
    <ClInclude Include="cugl\external\box2d\demo\glfw\wglext.h">
      <Filter>Header Files</Filter>
    </ClInclude>
    <ClInclude Include="cugl\external\box2d\demo\glfw\wgl_context.h">
      <Filter>Header Files</Filter>
    </ClInclude>
    <ClInclude Include="cugl\external\box2d\demo\glfw\win32_platform.h">
      <Filter>Header Files</Filter>
    </ClInclude>
    <ClInclude Include="cugl\external\box2d\demo\glfw\win32_tls.h">
      <Filter>Header Files</Filter>
    </ClInclude>
    <ClInclude Include="cugl\external\box2d\demo\glfw\winmm_joystick.h">
      <Filter>Header Files</Filter>
    </ClInclude>
    <ClInclude Include="cugl\external\box2d\demo\glfw\wl_platform.h">
      <Filter>Header Files</Filter>
    </ClInclude>
    <ClInclude Include="cugl\external\box2d\demo\glfw\x11_platform.h">
      <Filter>Header Files</Filter>
    </ClInclude>
    <ClInclude Include="cugl\external\box2d\demo\glfw\xkb_unicode.h">
      <Filter>Header Files</Filter>
    </ClInclude>
    <ClInclude Include="cugl\external\box2d\demo\imgui\imconfig.h">
      <Filter>Header Files</Filter>
    </ClInclude>
    <ClInclude Include="cugl\external\box2d\demo\imgui\imgui.h">
      <Filter>Header Files</Filter>
    </ClInclude>
    <ClInclude Include="cugl\external\box2d\demo\imgui\imgui_impl_glfw_gl3.h">
      <Filter>Header Files</Filter>
    </ClInclude>
    <ClInclude Include="cugl\external\box2d\demo\imgui\imgui_internal.h">
      <Filter>Header Files</Filter>
    </ClInclude>
    <ClInclude Include="cugl\external\box2d\demo\imgui\stb_rect_pack.h">
      <Filter>Header Files</Filter>
    </ClInclude>
    <ClInclude Include="cugl\external\box2d\demo\imgui\stb_textedit.h">
      <Filter>Header Files</Filter>
    </ClInclude>
    <ClInclude Include="cugl\external\box2d\demo\imgui\stb_truetype.h">
      <Filter>Header Files</Filter>
    </ClInclude>
    <ClInclude Include="cugl\external\box2d\demo\testbed\framework\DebugDraw.h">
      <Filter>Header Files</Filter>
    </ClInclude>
    <ClInclude Include="cugl\external\box2d\demo\testbed\framework\Test.h">
      <Filter>Header Files</Filter>
    </ClInclude>
    <ClInclude Include="cugl\external\box2d\demo\testbed\tests\AddPair.h">
      <Filter>Header Files</Filter>
    </ClInclude>
    <ClInclude Include="cugl\external\box2d\demo\testbed\tests\ApplyForce.h">
      <Filter>Header Files</Filter>
    </ClInclude>
    <ClInclude Include="cugl\external\box2d\demo\testbed\tests\BasicSliderCrank.h">
      <Filter>Header Files</Filter>
    </ClInclude>
    <ClInclude Include="cugl\external\box2d\demo\testbed\tests\BodyTypes.h">
      <Filter>Header Files</Filter>
    </ClInclude>
    <ClInclude Include="cugl\external\box2d\demo\testbed\tests\Breakable.h">
      <Filter>Header Files</Filter>
    </ClInclude>
    <ClInclude Include="cugl\external\box2d\demo\testbed\tests\Bridge.h">
      <Filter>Header Files</Filter>
    </ClInclude>
    <ClInclude Include="cugl\external\box2d\demo\testbed\tests\BulletTest.h">
      <Filter>Header Files</Filter>
    </ClInclude>
    <ClInclude Include="cugl\external\box2d\demo\testbed\tests\Cantilever.h">
      <Filter>Header Files</Filter>
    </ClInclude>
    <ClInclude Include="cugl\external\box2d\demo\testbed\tests\Car.h">
      <Filter>Header Files</Filter>
    </ClInclude>
    <ClInclude Include="cugl\external\box2d\demo\testbed\tests\Chain.h">
      <Filter>Header Files</Filter>
    </ClInclude>
    <ClInclude Include="cugl\external\box2d\demo\testbed\tests\CharacterCollision.h">
      <Filter>Header Files</Filter>
    </ClInclude>
    <ClInclude Include="cugl\external\box2d\demo\testbed\tests\CollisionFiltering.h">
      <Filter>Header Files</Filter>
    </ClInclude>
    <ClInclude Include="cugl\external\box2d\demo\testbed\tests\CollisionProcessing.h">
      <Filter>Header Files</Filter>
    </ClInclude>
    <ClInclude Include="cugl\external\box2d\demo\testbed\tests\CompoundShapes.h">
      <Filter>Header Files</Filter>
    </ClInclude>
    <ClInclude Include="cugl\external\box2d\demo\testbed\tests\Confined.h">
      <Filter>Header Files</Filter>
    </ClInclude>
    <ClInclude Include="cugl\external\box2d\demo\testbed\tests\ContinuousTest.h">
      <Filter>Header Files</Filter>
    </ClInclude>
    <ClInclude Include="cugl\external\box2d\demo\testbed\tests\ConvexHull.h">
      <Filter>Header Files</Filter>
    </ClInclude>
    <ClInclude Include="cugl\external\box2d\demo\testbed\tests\ConveyorBelt.h">
      <Filter>Header Files</Filter>
    </ClInclude>
    <ClInclude Include="cugl\external\box2d\demo\testbed\tests\DistanceTest.h">
      <Filter>Header Files</Filter>
    </ClInclude>
    <ClInclude Include="cugl\external\box2d\demo\testbed\tests\Dominos.h">
      <Filter>Header Files</Filter>
    </ClInclude>
    <ClInclude Include="cugl\external\box2d\demo\testbed\tests\DumpShell.h">
      <Filter>Header Files</Filter>
    </ClInclude>
    <ClInclude Include="cugl\external\box2d\demo\testbed\tests\DynamicTreeTest.h">
      <Filter>Header Files</Filter>
    </ClInclude>
    <ClInclude Include="cugl\external\box2d\demo\testbed\tests\EdgeShapes.h">
      <Filter>Header Files</Filter>
    </ClInclude>
    <ClInclude Include="cugl\external\box2d\demo\testbed\tests\EdgeTest.h">
      <Filter>Header Files</Filter>
    </ClInclude>
    <ClInclude Include="cugl\external\box2d\demo\testbed\tests\Gears.h">
      <Filter>Header Files</Filter>
    </ClInclude>
    <ClInclude Include="cugl\external\box2d\demo\testbed\tests\HeavyOnLight.h">
      <Filter>Header Files</Filter>
    </ClInclude>
    <ClInclude Include="cugl\external\box2d\demo\testbed\tests\HeavyOnLightTwo.h">
      <Filter>Header Files</Filter>
    </ClInclude>
    <ClInclude Include="cugl\external\box2d\demo\testbed\tests\Mobile.h">
      <Filter>Header Files</Filter>
    </ClInclude>
    <ClInclude Include="cugl\external\box2d\demo\testbed\tests\MobileBalanced.h">
      <Filter>Header Files</Filter>
    </ClInclude>
    <ClInclude Include="cugl\external\box2d\demo\testbed\tests\MotorJoint.h">
      <Filter>Header Files</Filter>
    </ClInclude>
    <ClInclude Include="cugl\external\box2d\demo\testbed\tests\OneSidedPlatform.h">
      <Filter>Header Files</Filter>
    </ClInclude>
    <ClInclude Include="cugl\external\box2d\demo\testbed\tests\Pinball.h">
      <Filter>Header Files</Filter>
    </ClInclude>
    <ClInclude Include="cugl\external\box2d\demo\testbed\tests\PolyCollision.h">
      <Filter>Header Files</Filter>
    </ClInclude>
    <ClInclude Include="cugl\external\box2d\demo\testbed\tests\PolyShapes.h">
      <Filter>Header Files</Filter>
    </ClInclude>
    <ClInclude Include="cugl\external\box2d\demo\testbed\tests\Prismatic.h">
      <Filter>Header Files</Filter>
    </ClInclude>
    <ClInclude Include="cugl\external\box2d\demo\testbed\tests\Pulleys.h">
      <Filter>Header Files</Filter>
    </ClInclude>
    <ClInclude Include="cugl\external\box2d\demo\testbed\tests\Pyramid.h">
      <Filter>Header Files</Filter>
    </ClInclude>
    <ClInclude Include="cugl\external\box2d\demo\testbed\tests\RayCast.h">
      <Filter>Header Files</Filter>
    </ClInclude>
    <ClInclude Include="cugl\external\box2d\demo\testbed\tests\Revolute.h">
      <Filter>Header Files</Filter>
    </ClInclude>
    <ClInclude Include="cugl\external\box2d\demo\testbed\tests\Rope.h">
      <Filter>Header Files</Filter>
    </ClInclude>
    <ClInclude Include="cugl\external\box2d\demo\testbed\tests\RopeJoint.h">
      <Filter>Header Files</Filter>
    </ClInclude>
    <ClInclude Include="cugl\external\box2d\demo\testbed\tests\SensorTest.h">
      <Filter>Header Files</Filter>
    </ClInclude>
    <ClInclude Include="cugl\external\box2d\demo\testbed\tests\ShapeEditing.h">
      <Filter>Header Files</Filter>
    </ClInclude>
    <ClInclude Include="cugl\external\box2d\demo\testbed\tests\SliderCrank.h">
      <Filter>Header Files</Filter>
    </ClInclude>
    <ClInclude Include="cugl\external\box2d\demo\testbed\tests\SphereStack.h">
      <Filter>Header Files</Filter>
    </ClInclude>
    <ClInclude Include="cugl\external\box2d\demo\testbed\tests\TheoJansen.h">
      <Filter>Header Files</Filter>
    </ClInclude>
    <ClInclude Include="cugl\external\box2d\demo\testbed\tests\Tiles.h">
      <Filter>Header Files</Filter>
    </ClInclude>
    <ClInclude Include="cugl\external\box2d\demo\testbed\tests\TimeOfImpact.h">
      <Filter>Header Files</Filter>
    </ClInclude>
    <ClInclude Include="cugl\external\box2d\demo\testbed\tests\Tumbler.h">
      <Filter>Header Files</Filter>
    </ClInclude>
    <ClInclude Include="cugl\external\box2d\demo\testbed\tests\VaryingFriction.h">
      <Filter>Header Files</Filter>
    </ClInclude>
    <ClInclude Include="cugl\external\box2d\demo\testbed\tests\VaryingRestitution.h">
      <Filter>Header Files</Filter>
    </ClInclude>
    <ClInclude Include="cugl\external\box2d\demo\testbed\tests\VerticalStack.h">
      <Filter>Header Files</Filter>
    </ClInclude>
    <ClInclude Include="cugl\external\box2d\demo\testbed\tests\Web.h">
      <Filter>Header Files</Filter>
    </ClInclude>
    <ClInclude Include="cugl\external\box2d\src\box2d\Box2D.h">
      <Filter>Header Files</Filter>
    </ClInclude>
    <ClInclude Include="cugl\external\box2d\src\box2d\collision\b2BroadPhase.h">
      <Filter>Header Files</Filter>
    </ClInclude>
    <ClInclude Include="cugl\external\box2d\src\box2d\collision\b2Collision.h">
      <Filter>Header Files</Filter>
    </ClInclude>
    <ClInclude Include="cugl\external\box2d\src\box2d\collision\b2Distance.h">
      <Filter>Header Files</Filter>
    </ClInclude>
    <ClInclude Include="cugl\external\box2d\src\box2d\collision\b2DynamicTree.h">
      <Filter>Header Files</Filter>
    </ClInclude>
    <ClInclude Include="cugl\external\box2d\src\box2d\collision\b2TimeOfImpact.h">
      <Filter>Header Files</Filter>
    </ClInclude>
    <ClInclude Include="cugl\external\box2d\src\box2d\collision\shapes\b2ChainShape.h">
      <Filter>Header Files</Filter>
    </ClInclude>
    <ClInclude Include="cugl\external\box2d\src\box2d\collision\shapes\b2CircleShape.h">
      <Filter>Header Files</Filter>
    </ClInclude>
    <ClInclude Include="cugl\external\box2d\src\box2d\collision\shapes\b2EdgeShape.h">
      <Filter>Header Files</Filter>
    </ClInclude>
    <ClInclude Include="cugl\external\box2d\src\box2d\collision\shapes\b2PolygonShape.h">
      <Filter>Header Files</Filter>
    </ClInclude>
    <ClInclude Include="cugl\external\box2d\src\box2d\collision\shapes\b2Shape.h">
      <Filter>Header Files</Filter>
    </ClInclude>
    <ClInclude Include="cugl\external\box2d\src\box2d\common\b2BlockAllocator.h">
      <Filter>Header Files</Filter>
    </ClInclude>
    <ClInclude Include="cugl\external\box2d\src\box2d\common\b2Draw.h">
      <Filter>Header Files</Filter>
    </ClInclude>
    <ClInclude Include="cugl\external\box2d\src\box2d\common\b2GrowableStack.h">
      <Filter>Header Files</Filter>
    </ClInclude>
    <ClInclude Include="cugl\external\box2d\src\box2d\common\b2Math.h">
      <Filter>Header Files</Filter>
    </ClInclude>
    <ClInclude Include="cugl\external\box2d\src\box2d\common\b2Settings.h">
      <Filter>Header Files</Filter>
    </ClInclude>
    <ClInclude Include="cugl\external\box2d\src\box2d\common\b2StackAllocator.h">
      <Filter>Header Files</Filter>
    </ClInclude>
    <ClInclude Include="cugl\external\box2d\src\box2d\common\b2Timer.h">
      <Filter>Header Files</Filter>
    </ClInclude>
    <ClInclude Include="cugl\external\box2d\src\box2d\dynamics\b2Body.h">
      <Filter>Header Files</Filter>
    </ClInclude>
    <ClInclude Include="cugl\external\box2d\src\box2d\dynamics\b2ContactManager.h">
      <Filter>Header Files</Filter>
    </ClInclude>
    <ClInclude Include="cugl\external\box2d\src\box2d\dynamics\b2Fixture.h">
      <Filter>Header Files</Filter>
    </ClInclude>
    <ClInclude Include="cugl\external\box2d\src\box2d\dynamics\b2Island.h">
      <Filter>Header Files</Filter>
    </ClInclude>
    <ClInclude Include="cugl\external\box2d\src\box2d\dynamics\b2TimeStep.h">
      <Filter>Header Files</Filter>
    </ClInclude>
    <ClInclude Include="cugl\external\box2d\src\box2d\dynamics\b2World.h">
      <Filter>Header Files</Filter>
    </ClInclude>
    <ClInclude Include="cugl\external\box2d\src\box2d\dynamics\b2WorldCallbacks.h">
      <Filter>Header Files</Filter>
    </ClInclude>
    <ClInclude Include="cugl\external\box2d\src\box2d\dynamics\contacts\b2ChainAndCircleContact.h">
      <Filter>Header Files</Filter>
    </ClInclude>
    <ClInclude Include="cugl\external\box2d\src\box2d\dynamics\contacts\b2ChainAndPolygonContact.h">
      <Filter>Header Files</Filter>
    </ClInclude>
    <ClInclude Include="cugl\external\box2d\src\box2d\dynamics\contacts\b2CircleContact.h">
      <Filter>Header Files</Filter>
    </ClInclude>
    <ClInclude Include="cugl\external\box2d\src\box2d\dynamics\contacts\b2Contact.h">
      <Filter>Header Files</Filter>
    </ClInclude>
    <ClInclude Include="cugl\external\box2d\src\box2d\dynamics\contacts\b2ContactSolver.h">
      <Filter>Header Files</Filter>
    </ClInclude>
    <ClInclude Include="cugl\external\box2d\src\box2d\dynamics\contacts\b2EdgeAndCircleContact.h">
      <Filter>Header Files</Filter>
    </ClInclude>
    <ClInclude Include="cugl\external\box2d\src\box2d\dynamics\contacts\b2EdgeAndPolygonContact.h">
      <Filter>Header Files</Filter>
    </ClInclude>
    <ClInclude Include="cugl\external\box2d\src\box2d\dynamics\contacts\b2PolygonAndCircleContact.h">
      <Filter>Header Files</Filter>
    </ClInclude>
    <ClInclude Include="cugl\external\box2d\src\box2d\dynamics\contacts\b2PolygonContact.h">
      <Filter>Header Files</Filter>
    </ClInclude>
    <ClInclude Include="cugl\external\box2d\src\box2d\dynamics\joints\b2DistanceJoint.h">
      <Filter>Header Files</Filter>
    </ClInclude>
    <ClInclude Include="cugl\external\box2d\src\box2d\dynamics\joints\b2FrictionJoint.h">
      <Filter>Header Files</Filter>
    </ClInclude>
    <ClInclude Include="cugl\external\box2d\src\box2d\dynamics\joints\b2GearJoint.h">
      <Filter>Header Files</Filter>
    </ClInclude>
    <ClInclude Include="cugl\external\box2d\src\box2d\dynamics\joints\b2Joint.h">
      <Filter>Header Files</Filter>
    </ClInclude>
    <ClInclude Include="cugl\external\box2d\src\box2d\dynamics\joints\b2MotorJoint.h">
      <Filter>Header Files</Filter>
    </ClInclude>
    <ClInclude Include="cugl\external\box2d\src\box2d\dynamics\joints\b2MouseJoint.h">
      <Filter>Header Files</Filter>
    </ClInclude>
    <ClInclude Include="cugl\external\box2d\src\box2d\dynamics\joints\b2PrismaticJoint.h">
      <Filter>Header Files</Filter>
    </ClInclude>
    <ClInclude Include="cugl\external\box2d\src\box2d\dynamics\joints\b2PulleyJoint.h">
      <Filter>Header Files</Filter>
    </ClInclude>
    <ClInclude Include="cugl\external\box2d\src\box2d\dynamics\joints\b2RevoluteJoint.h">
      <Filter>Header Files</Filter>
    </ClInclude>
    <ClInclude Include="cugl\external\box2d\src\box2d\dynamics\joints\b2RopeJoint.h">
      <Filter>Header Files</Filter>
    </ClInclude>
    <ClInclude Include="cugl\external\box2d\src\box2d\dynamics\joints\b2WeldJoint.h">
      <Filter>Header Files</Filter>
    </ClInclude>
    <ClInclude Include="cugl\external\box2d\src\box2d\dynamics\joints\b2WheelJoint.h">
      <Filter>Header Files</Filter>
    </ClInclude>
    <ClInclude Include="cugl\external\box2d\src\box2d\rope\b2Rope.h">
      <Filter>Header Files</Filter>
    </ClInclude>
    <ClInclude Include="cugl\external\cjson\cJSON.h">
      <Filter>Header Files</Filter>
    </ClInclude>
    <ClInclude Include="cugl\include\ft2build.h">
      <Filter>Header Files</Filter>
    </ClInclude>
    <ClInclude Include="cugl\include\box2d\Box2D.h">
      <Filter>Header Files</Filter>
    </ClInclude>
    <ClInclude Include="cugl\include\box2d\collision\b2BroadPhase.h">
      <Filter>Header Files</Filter>
    </ClInclude>
    <ClInclude Include="cugl\include\box2d\collision\b2Collision.h">
      <Filter>Header Files</Filter>
    </ClInclude>
    <ClInclude Include="cugl\include\box2d\collision\b2Distance.h">
      <Filter>Header Files</Filter>
    </ClInclude>
    <ClInclude Include="cugl\include\box2d\collision\b2DynamicTree.h">
      <Filter>Header Files</Filter>
    </ClInclude>
    <ClInclude Include="cugl\include\box2d\collision\b2TimeOfImpact.h">
      <Filter>Header Files</Filter>
    </ClInclude>
    <ClInclude Include="cugl\include\box2d\collision\shapes\b2ChainShape.h">
      <Filter>Header Files</Filter>
    </ClInclude>
    <ClInclude Include="cugl\include\box2d\collision\shapes\b2CircleShape.h">
      <Filter>Header Files</Filter>
    </ClInclude>
    <ClInclude Include="cugl\include\box2d\collision\shapes\b2EdgeShape.h">
      <Filter>Header Files</Filter>
    </ClInclude>
    <ClInclude Include="cugl\include\box2d\collision\shapes\b2PolygonShape.h">
      <Filter>Header Files</Filter>
    </ClInclude>
    <ClInclude Include="cugl\include\box2d\collision\shapes\b2Shape.h">
      <Filter>Header Files</Filter>
    </ClInclude>
    <ClInclude Include="cugl\include\box2d\common\b2BlockAllocator.h">
      <Filter>Header Files</Filter>
    </ClInclude>
    <ClInclude Include="cugl\include\box2d\common\b2Draw.h">
      <Filter>Header Files</Filter>
    </ClInclude>
    <ClInclude Include="cugl\include\box2d\common\b2GrowableStack.h">
      <Filter>Header Files</Filter>
    </ClInclude>
    <ClInclude Include="cugl\include\box2d\common\b2Math.h">
      <Filter>Header Files</Filter>
    </ClInclude>
    <ClInclude Include="cugl\include\box2d\common\b2Settings.h">
      <Filter>Header Files</Filter>
    </ClInclude>
    <ClInclude Include="cugl\include\box2d\common\b2StackAllocator.h">
      <Filter>Header Files</Filter>
    </ClInclude>
    <ClInclude Include="cugl\include\box2d\common\b2Timer.h">
      <Filter>Header Files</Filter>
    </ClInclude>
    <ClInclude Include="cugl\include\box2d\dynamics\b2Body.h">
      <Filter>Header Files</Filter>
    </ClInclude>
    <ClInclude Include="cugl\include\box2d\dynamics\b2ContactManager.h">
      <Filter>Header Files</Filter>
    </ClInclude>
    <ClInclude Include="cugl\include\box2d\dynamics\b2Fixture.h">
      <Filter>Header Files</Filter>
    </ClInclude>
    <ClInclude Include="cugl\include\box2d\dynamics\b2Island.h">
      <Filter>Header Files</Filter>
    </ClInclude>
    <ClInclude Include="cugl\include\box2d\dynamics\b2TimeStep.h">
      <Filter>Header Files</Filter>
    </ClInclude>
    <ClInclude Include="cugl\include\box2d\dynamics\b2World.h">
      <Filter>Header Files</Filter>
    </ClInclude>
    <ClInclude Include="cugl\include\box2d\dynamics\b2WorldCallbacks.h">
      <Filter>Header Files</Filter>
    </ClInclude>
    <ClInclude Include="cugl\include\box2d\dynamics\contacts\b2ChainAndCircleContact.h">
      <Filter>Header Files</Filter>
    </ClInclude>
    <ClInclude Include="cugl\include\box2d\dynamics\contacts\b2ChainAndPolygonContact.h">
      <Filter>Header Files</Filter>
    </ClInclude>
    <ClInclude Include="cugl\include\box2d\dynamics\contacts\b2CircleContact.h">
      <Filter>Header Files</Filter>
    </ClInclude>
    <ClInclude Include="cugl\include\box2d\dynamics\contacts\b2Contact.h">
      <Filter>Header Files</Filter>
    </ClInclude>
    <ClInclude Include="cugl\include\box2d\dynamics\contacts\b2ContactSolver.h">
      <Filter>Header Files</Filter>
    </ClInclude>
    <ClInclude Include="cugl\include\box2d\dynamics\contacts\b2EdgeAndCircleContact.h">
      <Filter>Header Files</Filter>
    </ClInclude>
    <ClInclude Include="cugl\include\box2d\dynamics\contacts\b2EdgeAndPolygonContact.h">
      <Filter>Header Files</Filter>
    </ClInclude>
    <ClInclude Include="cugl\include\box2d\dynamics\contacts\b2PolygonAndCircleContact.h">
      <Filter>Header Files</Filter>
    </ClInclude>
    <ClInclude Include="cugl\include\box2d\dynamics\contacts\b2PolygonContact.h">
      <Filter>Header Files</Filter>
    </ClInclude>
    <ClInclude Include="cugl\include\box2d\dynamics\joints\b2DistanceJoint.h">
      <Filter>Header Files</Filter>
    </ClInclude>
    <ClInclude Include="cugl\include\box2d\dynamics\joints\b2FrictionJoint.h">
      <Filter>Header Files</Filter>
    </ClInclude>
    <ClInclude Include="cugl\include\box2d\dynamics\joints\b2GearJoint.h">
      <Filter>Header Files</Filter>
    </ClInclude>
    <ClInclude Include="cugl\include\box2d\dynamics\joints\b2Joint.h">
      <Filter>Header Files</Filter>
    </ClInclude>
    <ClInclude Include="cugl\include\box2d\dynamics\joints\b2MotorJoint.h">
      <Filter>Header Files</Filter>
    </ClInclude>
    <ClInclude Include="cugl\include\box2d\dynamics\joints\b2MouseJoint.h">
      <Filter>Header Files</Filter>
    </ClInclude>
    <ClInclude Include="cugl\include\box2d\dynamics\joints\b2PrismaticJoint.h">
      <Filter>Header Files</Filter>
    </ClInclude>
    <ClInclude Include="cugl\include\box2d\dynamics\joints\b2PulleyJoint.h">
      <Filter>Header Files</Filter>
    </ClInclude>
    <ClInclude Include="cugl\include\box2d\dynamics\joints\b2RevoluteJoint.h">
      <Filter>Header Files</Filter>
    </ClInclude>
    <ClInclude Include="cugl\include\box2d\dynamics\joints\b2RopeJoint.h">
      <Filter>Header Files</Filter>
    </ClInclude>
    <ClInclude Include="cugl\include\box2d\dynamics\joints\b2WeldJoint.h">
      <Filter>Header Files</Filter>
    </ClInclude>
    <ClInclude Include="cugl\include\box2d\dynamics\joints\b2WheelJoint.h">
      <Filter>Header Files</Filter>
    </ClInclude>
    <ClInclude Include="cugl\include\box2d\rope\b2Rope.h">
      <Filter>Header Files</Filter>
    </ClInclude>
    <ClInclude Include="cugl\include\cjson\cJSON.h">
      <Filter>Header Files</Filter>
    </ClInclude>
    <ClInclude Include="cugl\include\cugl\cugl.h">
      <Filter>Header Files</Filter>
    </ClInclude>
    <ClInclude Include="cugl\include\cugl\2d\CUAnimationNode.h">
      <Filter>Header Files</Filter>
    </ClInclude>
    <ClInclude Include="cugl\include\cugl\2d\CUButton.h">
      <Filter>Header Files</Filter>
    </ClInclude>
    <ClInclude Include="cugl\include\cugl\2d\CUFont.h">
      <Filter>Header Files</Filter>
    </ClInclude>
    <ClInclude Include="cugl\include\cugl\2d\CULabel.h">
      <Filter>Header Files</Filter>
    </ClInclude>
    <ClInclude Include="cugl\include\cugl\2d\CUNode.h">
      <Filter>Header Files</Filter>
    </ClInclude>
    <ClInclude Include="cugl\include\cugl\2d\CUPathNode.h">
      <Filter>Header Files</Filter>
    </ClInclude>
    <ClInclude Include="cugl\include\cugl\2d\CUPolygonNode.h">
      <Filter>Header Files</Filter>
    </ClInclude>
    <ClInclude Include="cugl\include\cugl\2d\CUProgressBar.h">
      <Filter>Header Files</Filter>
    </ClInclude>
    <ClInclude Include="cugl\include\cugl\2d\CUScene.h">
      <Filter>Header Files</Filter>
    </ClInclude>
    <ClInclude Include="cugl\include\cugl\2d\CUTexturedNode.h">
      <Filter>Header Files</Filter>
    </ClInclude>
    <ClInclude Include="cugl\include\cugl\2d\CUWireNode.h">
      <Filter>Header Files</Filter>
    </ClInclude>
    <ClInclude Include="cugl\include\cugl\2d\cu_2d.h">
      <Filter>Header Files</Filter>
    </ClInclude>
    <ClInclude Include="cugl\include\cugl\2d\physics\CUBoxObstacle.h">
      <Filter>Header Files</Filter>
    </ClInclude>
    <ClInclude Include="cugl\include\cugl\2d\physics\CUCapsuleObstacle.h">
      <Filter>Header Files</Filter>
    </ClInclude>
    <ClInclude Include="cugl\include\cugl\2d\physics\CUComplexObstacle.h">
      <Filter>Header Files</Filter>
    </ClInclude>
    <ClInclude Include="cugl\include\cugl\2d\physics\CUObstacle.h">
      <Filter>Header Files</Filter>
    </ClInclude>
    <ClInclude Include="cugl\include\cugl\2d\physics\CUObstacleSelector.h">
      <Filter>Header Files</Filter>
    </ClInclude>
    <ClInclude Include="cugl\include\cugl\2d\physics\CUObstacleWorld.h">
      <Filter>Header Files</Filter>
    </ClInclude>
    <ClInclude Include="cugl\include\cugl\2d\physics\CUPolygonObstacle.h">
      <Filter>Header Files</Filter>
    </ClInclude>
    <ClInclude Include="cugl\include\cugl\2d\physics\CUSimpleObstacle.h">
      <Filter>Header Files</Filter>
    </ClInclude>
    <ClInclude Include="cugl\include\cugl\2d\physics\CUWheelObstacle.h">
      <Filter>Header Files</Filter>
    </ClInclude>
    <ClInclude Include="cugl\include\cugl\2d\physics\cu_physics.h">
      <Filter>Header Files</Filter>
    </ClInclude>
    <ClInclude Include="cugl\include\cugl\assets\CUAsset.h">
      <Filter>Header Files</Filter>
    </ClInclude>
    <ClInclude Include="cugl\include\cugl\assets\CUAssetManager.h">
      <Filter>Header Files</Filter>
    </ClInclude>
    <ClInclude Include="cugl\include\cugl\assets\CUFontLoader.h">
      <Filter>Header Files</Filter>
    </ClInclude>
    <ClInclude Include="cugl\include\cugl\assets\CUGenericLoader.h">
      <Filter>Header Files</Filter>
    </ClInclude>
    <ClInclude Include="cugl\include\cugl\assets\CUJsonLoader.h">
      <Filter>Header Files</Filter>
    </ClInclude>
    <ClInclude Include="cugl\include\cugl\assets\CUJsonValue.h">
      <Filter>Header Files</Filter>
    </ClInclude>
    <ClInclude Include="cugl\include\cugl\assets\CULoader.h">
      <Filter>Header Files</Filter>
    </ClInclude>
    <ClInclude Include="cugl\include\cugl\assets\CUMusicLoader.h">
      <Filter>Header Files</Filter>
    </ClInclude>
    <ClInclude Include="cugl\include\cugl\assets\CUSoundLoader.h">
      <Filter>Header Files</Filter>
    </ClInclude>
    <ClInclude Include="cugl\include\cugl\assets\CUTextureLoader.h">
      <Filter>Header Files</Filter>
    </ClInclude>
    <ClInclude Include="cugl\include\cugl\assets\cu_assets.h">
      <Filter>Header Files</Filter>
    </ClInclude>
    <ClInclude Include="cugl\include\cugl\audio\CUAudioEngine.h">
      <Filter>Header Files</Filter>
    </ClInclude>
    <ClInclude Include="cugl\include\cugl\audio\CUMusic.h">
      <Filter>Header Files</Filter>
    </ClInclude>
    <ClInclude Include="cugl\include\cugl\audio\CUSound.h">
      <Filter>Header Files</Filter>
    </ClInclude>
    <ClInclude Include="cugl\include\cugl\audio\cu_audio.h">
      <Filter>Header Files</Filter>
    </ClInclude>
    <ClInclude Include="cugl\include\cugl\base\CUApplication.h">
      <Filter>Header Files</Filter>
    </ClInclude>
    <ClInclude Include="cugl\include\cugl\base\CUBase.h">
      <Filter>Header Files</Filter>
    </ClInclude>
    <ClInclude Include="cugl\include\cugl\base\CUDisplay.h">
      <Filter>Header Files</Filter>
    </ClInclude>
    <ClInclude Include="cugl\include\cugl\base\CUEndian.h">
      <Filter>Header Files</Filter>
    </ClInclude>
    <ClInclude Include="cugl\include\cugl\base\cu_platform.h">
      <Filter>Header Files</Filter>
    </ClInclude>
    <ClInclude Include="cugl\include\cugl\base\platform\CUDisplay-impl.h">
      <Filter>Header Files</Filter>
    </ClInclude>
    <ClInclude Include="cugl\include\cugl\input\CUAccelerometer.h">
      <Filter>Header Files</Filter>
    </ClInclude>
    <ClInclude Include="cugl\include\cugl\input\CUInput.h">
      <Filter>Header Files</Filter>
    </ClInclude>
    <ClInclude Include="cugl\include\cugl\input\CUKeyboard.h">
      <Filter>Header Files</Filter>
    </ClInclude>
    <ClInclude Include="cugl\include\cugl\input\CUMouse.h">
      <Filter>Header Files</Filter>
    </ClInclude>
    <ClInclude Include="cugl\include\cugl\input\CUTextInput.h">
      <Filter>Header Files</Filter>
    </ClInclude>
    <ClInclude Include="cugl\include\cugl\input\CUTouchscreen.h">
      <Filter>Header Files</Filter>
    </ClInclude>
    <ClInclude Include="cugl\include\cugl\input\cu_input.h">
      <Filter>Header Files</Filter>
    </ClInclude>
    <ClInclude Include="cugl\include\cugl\input\gestures\CUGestureInput.h">
      <Filter>Header Files</Filter>
    </ClInclude>
    <ClInclude Include="cugl\include\cugl\input\gestures\CUPanInput.h">
      <Filter>Header Files</Filter>
    </ClInclude>
    <ClInclude Include="cugl\include\cugl\input\gestures\CUPinchInput.h">
      <Filter>Header Files</Filter>
    </ClInclude>
    <ClInclude Include="cugl\include\cugl\input\gestures\CURotationInput.h">
      <Filter>Header Files</Filter>
    </ClInclude>
    <ClInclude Include="cugl\include\cugl\input\gestures\cu_gesture.h">
      <Filter>Header Files</Filter>
    </ClInclude>
    <ClInclude Include="cugl\include\cugl\io\CUBinaryReader.h">
      <Filter>Header Files</Filter>
    </ClInclude>
    <ClInclude Include="cugl\include\cugl\io\CUBinaryWriter.h">
      <Filter>Header Files</Filter>
    </ClInclude>
    <ClInclude Include="cugl\include\cugl\io\CUJsonReader.h">
      <Filter>Header Files</Filter>
    </ClInclude>
    <ClInclude Include="cugl\include\cugl\io\CUJsonWriter.h">
      <Filter>Header Files</Filter>
    </ClInclude>
    <ClInclude Include="cugl\include\cugl\io\CUPathname.h">
      <Filter>Header Files</Filter>
    </ClInclude>
    <ClInclude Include="cugl\include\cugl\io\CUTextReader.h">
      <Filter>Header Files</Filter>
    </ClInclude>
    <ClInclude Include="cugl\include\cugl\io\CUTextWriter.h">
      <Filter>Header Files</Filter>
    </ClInclude>
    <ClInclude Include="cugl\include\cugl\io\cu_io.h">
      <Filter>Header Files</Filter>
    </ClInclude>
    <ClInclude Include="cugl\include\cugl\math\CUAffine2.h">
      <Filter>Header Files</Filter>
    </ClInclude>
    <ClInclude Include="cugl\include\cugl\math\CUColor4.h">
      <Filter>Header Files</Filter>
    </ClInclude>
    <ClInclude Include="cugl\include\cugl\math\CUCubicSpline.h">
      <Filter>Header Files</Filter>
    </ClInclude>
    <ClInclude Include="cugl\include\cugl\math\CUFrustum.h">
      <Filter>Header Files</Filter>
    </ClInclude>
    <ClInclude Include="cugl\include\cugl\math\CUMat4.h">
      <Filter>Header Files</Filter>
    </ClInclude>
    <ClInclude Include="cugl\include\cugl\math\CUMathBase.h">
      <Filter>Header Files</Filter>
    </ClInclude>
    <ClInclude Include="cugl\include\cugl\math\CUPlane.h">
      <Filter>Header Files</Filter>
    </ClInclude>
    <ClInclude Include="cugl\include\cugl\math\CUPoly2.h">
      <Filter>Header Files</Filter>
    </ClInclude>
    <ClInclude Include="cugl\include\cugl\math\CUPolynomial.h">
      <Filter>Header Files</Filter>
    </ClInclude>
    <ClInclude Include="cugl\include\cugl\math\CUQuaternion.h">
      <Filter>Header Files</Filter>
    </ClInclude>
    <ClInclude Include="cugl\include\cugl\math\CURay.h">
      <Filter>Header Files</Filter>
    </ClInclude>
    <ClInclude Include="cugl\include\cugl\math\CURect.h">
      <Filter>Header Files</Filter>
    </ClInclude>
    <ClInclude Include="cugl\include\cugl\math\CUSize.h">
      <Filter>Header Files</Filter>
    </ClInclude>
    <ClInclude Include="cugl\include\cugl\math\CUVec2.h">
      <Filter>Header Files</Filter>
    </ClInclude>
    <ClInclude Include="cugl\include\cugl\math\CUVec3.h">
      <Filter>Header Files</Filter>
    </ClInclude>
    <ClInclude Include="cugl\include\cugl\math\CUVec4.h">
      <Filter>Header Files</Filter>
    </ClInclude>
    <ClInclude Include="cugl\include\cugl\math\cu_math.h">
      <Filter>Header Files</Filter>
    </ClInclude>
    <ClInclude Include="cugl\include\cugl\math\polygon\CUCubicSplineApproximator.h">
      <Filter>Header Files</Filter>
    </ClInclude>
    <ClInclude Include="cugl\include\cugl\math\polygon\CUPathExtruder.h">
      <Filter>Header Files</Filter>
    </ClInclude>
    <ClInclude Include="cugl\include\cugl\math\polygon\CUPathOutliner.h">
      <Filter>Header Files</Filter>
    </ClInclude>
    <ClInclude Include="cugl\include\cugl\math\polygon\CUSimpleTriangulator.h">
      <Filter>Header Files</Filter>
    </ClInclude>
    <ClInclude Include="cugl\include\cugl\math\polygon\cu_polygon.h">
      <Filter>Header Files</Filter>
    </ClInclude>
    <ClInclude Include="cugl\include\cugl\renderer\CUCamera.h">
      <Filter>Header Files</Filter>
    </ClInclude>
    <ClInclude Include="cugl\include\cugl\renderer\CUOrthographicCamera.h">
      <Filter>Header Files</Filter>
    </ClInclude>
    <ClInclude Include="cugl\include\cugl\renderer\CUPerspectiveCamera.h">
      <Filter>Header Files</Filter>
    </ClInclude>
    <ClInclude Include="cugl\include\cugl\renderer\CUShader.h">
      <Filter>Header Files</Filter>
    </ClInclude>
    <ClInclude Include="cugl\include\cugl\renderer\CUSpriteBatch.h">
      <Filter>Header Files</Filter>
    </ClInclude>
    <ClInclude Include="cugl\include\cugl\renderer\CUSpriteShader.h">
      <Filter>Header Files</Filter>
    </ClInclude>
    <ClInclude Include="cugl\include\cugl\renderer\CUTexture.h">
      <Filter>Header Files</Filter>
    </ClInclude>
    <ClInclude Include="cugl\include\cugl\renderer\CUVertex.h">
      <Filter>Header Files</Filter>
    </ClInclude>
    <ClInclude Include="cugl\include\cugl\renderer\cu_renderer.h">
      <Filter>Header Files</Filter>
    </ClInclude>
    <ClInclude Include="cugl\include\cugl\util\CUDebug.h">
      <Filter>Header Files</Filter>
    </ClInclude>
    <ClInclude Include="cugl\include\cugl\util\CUFreeList.h">
      <Filter>Header Files</Filter>
    </ClInclude>
    <ClInclude Include="cugl\include\cugl\util\CUGreedyFreeList.h">
      <Filter>Header Files</Filter>
    </ClInclude>
    <ClInclude Include="cugl\include\cugl\util\CUStrings.h">
      <Filter>Header Files</Filter>
    </ClInclude>
    <ClInclude Include="cugl\include\cugl\util\CUThreadPool.h">
      <Filter>Header Files</Filter>
    </ClInclude>
    <ClInclude Include="cugl\include\cugl\util\CUTimestamp.h">
      <Filter>Header Files</Filter>
    </ClInclude>
    <ClInclude Include="cugl\include\cugl\util\cu_util.h">
      <Filter>Header Files</Filter>
    </ClInclude>
    <ClInclude Include="cugl\include\freetype\freetype.h">
      <Filter>Header Files</Filter>
    </ClInclude>
    <ClInclude Include="cugl\include\freetype\ftadvanc.h">
      <Filter>Header Files</Filter>
    </ClInclude>
    <ClInclude Include="cugl\include\freetype\ftautoh.h">
      <Filter>Header Files</Filter>
    </ClInclude>
    <ClInclude Include="cugl\include\freetype\ftbbox.h">
      <Filter>Header Files</Filter>
    </ClInclude>
    <ClInclude Include="cugl\include\freetype\ftbdf.h">
      <Filter>Header Files</Filter>
    </ClInclude>
    <ClInclude Include="cugl\include\freetype\ftbitmap.h">
      <Filter>Header Files</Filter>
    </ClInclude>
    <ClInclude Include="cugl\include\freetype\ftbzip2.h">
      <Filter>Header Files</Filter>
    </ClInclude>
    <ClInclude Include="cugl\include\freetype\ftcache.h">
      <Filter>Header Files</Filter>
    </ClInclude>
    <ClInclude Include="cugl\include\freetype\ftcffdrv.h">
      <Filter>Header Files</Filter>
    </ClInclude>
    <ClInclude Include="cugl\include\freetype\ftchapters.h">
      <Filter>Header Files</Filter>
    </ClInclude>
    <ClInclude Include="cugl\include\freetype\ftcid.h">
      <Filter>Header Files</Filter>
    </ClInclude>
    <ClInclude Include="cugl\include\freetype\fterrdef.h">
      <Filter>Header Files</Filter>
    </ClInclude>
    <ClInclude Include="cugl\include\freetype\fterrors.h">
      <Filter>Header Files</Filter>
    </ClInclude>
    <ClInclude Include="cugl\include\freetype\ftgasp.h">
      <Filter>Header Files</Filter>
    </ClInclude>
    <ClInclude Include="cugl\include\freetype\ftglyph.h">
      <Filter>Header Files</Filter>
    </ClInclude>
    <ClInclude Include="cugl\include\freetype\ftgxval.h">
      <Filter>Header Files</Filter>
    </ClInclude>
    <ClInclude Include="cugl\include\freetype\ftgzip.h">
      <Filter>Header Files</Filter>
    </ClInclude>
    <ClInclude Include="cugl\include\freetype\ftimage.h">
      <Filter>Header Files</Filter>
    </ClInclude>
    <ClInclude Include="cugl\include\freetype\ftincrem.h">
      <Filter>Header Files</Filter>
    </ClInclude>
    <ClInclude Include="cugl\include\freetype\ftlcdfil.h">
      <Filter>Header Files</Filter>
    </ClInclude>
    <ClInclude Include="cugl\include\freetype\ftlist.h">
      <Filter>Header Files</Filter>
    </ClInclude>
    <ClInclude Include="cugl\include\freetype\ftlzw.h">
      <Filter>Header Files</Filter>
    </ClInclude>
    <ClInclude Include="cugl\include\freetype\ftmac.h">
      <Filter>Header Files</Filter>
    </ClInclude>
    <ClInclude Include="cugl\include\freetype\ftmm.h">
      <Filter>Header Files</Filter>
    </ClInclude>
    <ClInclude Include="cugl\include\freetype\ftmodapi.h">
      <Filter>Header Files</Filter>
    </ClInclude>
    <ClInclude Include="cugl\include\freetype\ftmoderr.h">
      <Filter>Header Files</Filter>
    </ClInclude>
    <ClInclude Include="cugl\include\freetype\ftotval.h">
      <Filter>Header Files</Filter>
    </ClInclude>
    <ClInclude Include="cugl\include\freetype\ftoutln.h">
      <Filter>Header Files</Filter>
    </ClInclude>
    <ClInclude Include="cugl\include\freetype\ftpfr.h">
      <Filter>Header Files</Filter>
    </ClInclude>
    <ClInclude Include="cugl\include\freetype\ftrender.h">
      <Filter>Header Files</Filter>
    </ClInclude>
    <ClInclude Include="cugl\include\freetype\ftsizes.h">
      <Filter>Header Files</Filter>
    </ClInclude>
    <ClInclude Include="cugl\include\freetype\ftsnames.h">
      <Filter>Header Files</Filter>
    </ClInclude>
    <ClInclude Include="cugl\include\freetype\ftstroke.h">
      <Filter>Header Files</Filter>
    </ClInclude>
    <ClInclude Include="cugl\include\freetype\ftsynth.h">
      <Filter>Header Files</Filter>
    </ClInclude>
    <ClInclude Include="cugl\include\freetype\ftsystem.h">
      <Filter>Header Files</Filter>
    </ClInclude>
    <ClInclude Include="cugl\include\freetype\fttrigon.h">
      <Filter>Header Files</Filter>
    </ClInclude>
    <ClInclude Include="cugl\include\freetype\fttypes.h">
      <Filter>Header Files</Filter>
    </ClInclude>
    <ClInclude Include="cugl\include\freetype\ftwinfnt.h">
      <Filter>Header Files</Filter>
    </ClInclude>
    <ClInclude Include="cugl\include\freetype\ftxf86.h">
      <Filter>Header Files</Filter>
    </ClInclude>
    <ClInclude Include="cugl\include\freetype\t1tables.h">
      <Filter>Header Files</Filter>
    </ClInclude>
    <ClInclude Include="cugl\include\freetype\ttnameid.h">
      <Filter>Header Files</Filter>
    </ClInclude>
    <ClInclude Include="cugl\include\freetype\tttables.h">
      <Filter>Header Files</Filter>
    </ClInclude>
    <ClInclude Include="cugl\include\freetype\tttags.h">
      <Filter>Header Files</Filter>
    </ClInclude>
    <ClInclude Include="cugl\include\freetype\ttunpat.h">
      <Filter>Header Files</Filter>
    </ClInclude>
    <ClInclude Include="cugl\include\freetype\config\ftconfig.h">
      <Filter>Header Files</Filter>
    </ClInclude>
    <ClInclude Include="cugl\include\freetype\config\ftheader.h">
      <Filter>Header Files</Filter>
    </ClInclude>
    <ClInclude Include="cugl\include\freetype\config\ftmodule.h">
      <Filter>Header Files</Filter>
    </ClInclude>
    <ClInclude Include="cugl\include\freetype\config\ftoption.h">
      <Filter>Header Files</Filter>
    </ClInclude>
    <ClInclude Include="cugl\include\freetype\config\ftstdlib.h">
      <Filter>Header Files</Filter>
    </ClInclude>
    <ClInclude Include="cugl\include\ogg\config_types.h">
      <Filter>Header Files</Filter>
    </ClInclude>
    <ClInclude Include="cugl\include\ogg\ogg.h">
      <Filter>Header Files</Filter>
    </ClInclude>
    <ClInclude Include="cugl\include\ogg\os_types.h">
      <Filter>Header Files</Filter>
    </ClInclude>
    <ClInclude Include="cugl\include\sdl\begin_code.h">
      <Filter>Header Files</Filter>
    </ClInclude>
    <ClInclude Include="cugl\include\sdl\close_code.h">
      <Filter>Header Files</Filter>
    </ClInclude>
    <ClInclude Include="cugl\include\sdl\miniz.h">
      <Filter>Header Files</Filter>
    </ClInclude>
    <ClInclude Include="cugl\include\sdl\SDL.h">
      <Filter>Header Files</Filter>
    </ClInclude>
    <ClInclude Include="cugl\include\sdl\SDL2_mixer.h">
      <Filter>Header Files</Filter>
    </ClInclude>
    <ClInclude Include="cugl\include\sdl\SDL_assert.h">
      <Filter>Header Files</Filter>
    </ClInclude>
    <ClInclude Include="cugl\include\sdl\SDL_atomic.h">
      <Filter>Header Files</Filter>
    </ClInclude>
    <ClInclude Include="cugl\include\sdl\SDL_audio.h">
      <Filter>Header Files</Filter>
    </ClInclude>
    <ClInclude Include="cugl\include\sdl\SDL_bits.h">
      <Filter>Header Files</Filter>
    </ClInclude>
    <ClInclude Include="cugl\include\sdl\SDL_blendmode.h">
      <Filter>Header Files</Filter>
    </ClInclude>
    <ClInclude Include="cugl\include\sdl\SDL_clipboard.h">
      <Filter>Header Files</Filter>
    </ClInclude>
    <ClInclude Include="cugl\include\sdl\SDL_config.h">
      <Filter>Header Files</Filter>
    </ClInclude>
    <ClInclude Include="cugl\include\sdl\SDL_config_android.h">
      <Filter>Header Files</Filter>
    </ClInclude>
    <ClInclude Include="cugl\include\sdl\SDL_config_iphoneos.h">
      <Filter>Header Files</Filter>
    </ClInclude>
    <ClInclude Include="cugl\include\sdl\SDL_config_macosx.h">
      <Filter>Header Files</Filter>
    </ClInclude>
    <ClInclude Include="cugl\include\sdl\SDL_config_minimal.h">
      <Filter>Header Files</Filter>
    </ClInclude>
    <ClInclude Include="cugl\include\sdl\SDL_config_pandora.h">
      <Filter>Header Files</Filter>
    </ClInclude>
    <ClInclude Include="cugl\include\sdl\SDL_config_psp.h">
      <Filter>Header Files</Filter>
    </ClInclude>
    <ClInclude Include="cugl\include\sdl\SDL_config_windows.h">
      <Filter>Header Files</Filter>
    </ClInclude>
    <ClInclude Include="cugl\include\sdl\SDL_config_winrt.h">
      <Filter>Header Files</Filter>
    </ClInclude>
    <ClInclude Include="cugl\include\sdl\SDL_config_wiz.h">
      <Filter>Header Files</Filter>
    </ClInclude>
    <ClInclude Include="cugl\include\sdl\SDL_copying.h">
      <Filter>Header Files</Filter>
    </ClInclude>
    <ClInclude Include="cugl\include\sdl\SDL_cpuinfo.h">
      <Filter>Header Files</Filter>
    </ClInclude>
    <ClInclude Include="cugl\include\sdl\SDL_egl.h">
      <Filter>Header Files</Filter>
    </ClInclude>
    <ClInclude Include="cugl\include\sdl\SDL_endian.h">
      <Filter>Header Files</Filter>
    </ClInclude>
    <ClInclude Include="cugl\include\sdl\SDL_error.h">
      <Filter>Header Files</Filter>
    </ClInclude>
    <ClInclude Include="cugl\include\sdl\SDL_events.h">
      <Filter>Header Files</Filter>
    </ClInclude>
    <ClInclude Include="cugl\include\sdl\SDL_filesystem.h">
      <Filter>Header Files</Filter>
    </ClInclude>
    <ClInclude Include="cugl\include\sdl\SDL_gamecontroller.h">
      <Filter>Header Files</Filter>
    </ClInclude>
    <ClInclude Include="cugl\include\sdl\SDL_gesture.h">
      <Filter>Header Files</Filter>
    </ClInclude>
    <ClInclude Include="cugl\include\sdl\SDL_haptic.h">
      <Filter>Header Files</Filter>
    </ClInclude>
    <ClInclude Include="cugl\include\sdl\SDL_hints.h">
      <Filter>Header Files</Filter>
    </ClInclude>
    <ClInclude Include="cugl\include\sdl\SDL_image.h">
      <Filter>Header Files</Filter>
    </ClInclude>
    <ClInclude Include="cugl\include\sdl\SDL_joystick.h">
      <Filter>Header Files</Filter>
    </ClInclude>
    <ClInclude Include="cugl\include\sdl\SDL_keyboard.h">
      <Filter>Header Files</Filter>
    </ClInclude>
    <ClInclude Include="cugl\include\sdl\SDL_keycode.h">
      <Filter>Header Files</Filter>
    </ClInclude>
    <ClInclude Include="cugl\include\sdl\SDL_loadso.h">
      <Filter>Header Files</Filter>
    </ClInclude>
    <ClInclude Include="cugl\include\sdl\SDL_log.h">
      <Filter>Header Files</Filter>
    </ClInclude>
    <ClInclude Include="cugl\include\sdl\SDL_main.h">
      <Filter>Header Files</Filter>
    </ClInclude>
    <ClInclude Include="cugl\include\sdl\SDL_messagebox.h">
      <Filter>Header Files</Filter>
    </ClInclude>
    <ClInclude Include="cugl\include\sdl\SDL_mixer.h">
      <Filter>Header Files</Filter>
    </ClInclude>
    <ClInclude Include="cugl\include\sdl\SDL_mouse.h">
      <Filter>Header Files</Filter>
    </ClInclude>
    <ClInclude Include="cugl\include\sdl\SDL_mutex.h">
      <Filter>Header Files</Filter>
    </ClInclude>
    <ClInclude Include="cugl\include\sdl\SDL_name.h">
      <Filter>Header Files</Filter>
    </ClInclude>
    <ClInclude Include="cugl\include\sdl\SDL_opengl.h">
      <Filter>Header Files</Filter>
    </ClInclude>
    <ClInclude Include="cugl\include\sdl\SDL_opengles.h">
      <Filter>Header Files</Filter>
    </ClInclude>
    <ClInclude Include="cugl\include\sdl\SDL_opengles2.h">
      <Filter>Header Files</Filter>
    </ClInclude>
    <ClInclude Include="cugl\include\sdl\SDL_opengles2_gl2.h">
      <Filter>Header Files</Filter>
    </ClInclude>
    <ClInclude Include="cugl\include\sdl\SDL_opengles2_gl2ext.h">
      <Filter>Header Files</Filter>
    </ClInclude>
    <ClInclude Include="cugl\include\sdl\SDL_opengles2_gl2platform.h">
      <Filter>Header Files</Filter>
    </ClInclude>
    <ClInclude Include="cugl\include\sdl\SDL_opengles2_khrplatform.h">
      <Filter>Header Files</Filter>
    </ClInclude>
    <ClInclude Include="cugl\include\sdl\SDL_opengl_glext.h">
      <Filter>Header Files</Filter>
    </ClInclude>
    <ClInclude Include="cugl\include\sdl\SDL_pixels.h">
      <Filter>Header Files</Filter>
    </ClInclude>
    <ClInclude Include="cugl\include\sdl\SDL_platform.h">
      <Filter>Header Files</Filter>
    </ClInclude>
    <ClInclude Include="cugl\include\sdl\SDL_power.h">
      <Filter>Header Files</Filter>
    </ClInclude>
    <ClInclude Include="cugl\include\sdl\SDL_quit.h">
      <Filter>Header Files</Filter>
    </ClInclude>
    <ClInclude Include="cugl\include\sdl\SDL_rect.h">
      <Filter>Header Files</Filter>
    </ClInclude>
    <ClInclude Include="cugl\include\sdl\SDL_render.h">
      <Filter>Header Files</Filter>
    </ClInclude>
    <ClInclude Include="cugl\include\sdl\SDL_revision.h">
      <Filter>Header Files</Filter>
    </ClInclude>
    <ClInclude Include="cugl\include\sdl\SDL_rwops.h">
      <Filter>Header Files</Filter>
    </ClInclude>
    <ClInclude Include="cugl\include\sdl\SDL_scancode.h">
      <Filter>Header Files</Filter>
    </ClInclude>
    <ClInclude Include="cugl\include\sdl\SDL_shape.h">
      <Filter>Header Files</Filter>
    </ClInclude>
    <ClInclude Include="cugl\include\sdl\SDL_stdinc.h">
      <Filter>Header Files</Filter>
    </ClInclude>
    <ClInclude Include="cugl\include\sdl\SDL_surface.h">
      <Filter>Header Files</Filter>
    </ClInclude>
    <ClInclude Include="cugl\include\sdl\SDL_system.h">
      <Filter>Header Files</Filter>
    </ClInclude>
    <ClInclude Include="cugl\include\sdl\SDL_syswm.h">
      <Filter>Header Files</Filter>
    </ClInclude>
    <ClInclude Include="cugl\include\sdl\SDL_test.h">
      <Filter>Header Files</Filter>
    </ClInclude>
    <ClInclude Include="cugl\include\sdl\SDL_test_assert.h">
      <Filter>Header Files</Filter>
    </ClInclude>
    <ClInclude Include="cugl\include\sdl\SDL_test_common.h">
      <Filter>Header Files</Filter>
    </ClInclude>
    <ClInclude Include="cugl\include\sdl\SDL_test_compare.h">
      <Filter>Header Files</Filter>
    </ClInclude>
    <ClInclude Include="cugl\include\sdl\SDL_test_crc32.h">
      <Filter>Header Files</Filter>
    </ClInclude>
    <ClInclude Include="cugl\include\sdl\SDL_test_font.h">
      <Filter>Header Files</Filter>
    </ClInclude>
    <ClInclude Include="cugl\include\sdl\SDL_test_fuzzer.h">
      <Filter>Header Files</Filter>
    </ClInclude>
    <ClInclude Include="cugl\include\sdl\SDL_test_harness.h">
      <Filter>Header Files</Filter>
    </ClInclude>
    <ClInclude Include="cugl\include\sdl\SDL_test_images.h">
      <Filter>Header Files</Filter>
    </ClInclude>
    <ClInclude Include="cugl\include\sdl\SDL_test_log.h">
      <Filter>Header Files</Filter>
    </ClInclude>
    <ClInclude Include="cugl\include\sdl\SDL_test_md5.h">
      <Filter>Header Files</Filter>
    </ClInclude>
    <ClInclude Include="cugl\include\sdl\SDL_test_random.h">
      <Filter>Header Files</Filter>
    </ClInclude>
    <ClInclude Include="cugl\include\sdl\SDL_thread.h">
      <Filter>Header Files</Filter>
    </ClInclude>
    <ClInclude Include="cugl\include\sdl\SDL_timer.h">
      <Filter>Header Files</Filter>
    </ClInclude>
    <ClInclude Include="cugl\include\sdl\SDL_touch.h">
      <Filter>Header Files</Filter>
    </ClInclude>
    <ClInclude Include="cugl\include\sdl\SDL_ttf.h">
      <Filter>Header Files</Filter>
    </ClInclude>
    <ClInclude Include="cugl\include\sdl\SDL_types.h">
      <Filter>Header Files</Filter>
    </ClInclude>
    <ClInclude Include="cugl\include\sdl\SDL_version.h">
      <Filter>Header Files</Filter>
    </ClInclude>
    <ClInclude Include="cugl\include\sdl\SDL_video.h">
      <Filter>Header Files</Filter>
    </ClInclude>
    <ClInclude Include="cugl\include\sdl\timidity\timidity.h">
      <Filter>Header Files</Filter>
    </ClInclude>
    <ClInclude Include="cugl\include\utf8\utf8.h">
      <Filter>Header Files</Filter>
    </ClInclude>
    <ClInclude Include="cugl\include\utf8\utf8checked.h">
      <Filter>Header Files</Filter>
    </ClInclude>
    <ClInclude Include="cugl\include\utf8\utf8core.h">
      <Filter>Header Files</Filter>
    </ClInclude>
    <ClInclude Include="cugl\include\utf8\utf8unchecked.h">
      <Filter>Header Files</Filter>
    </ClInclude>
    <ClInclude Include="cugl\include\vorbis\codec.h">
      <Filter>Header Files</Filter>
    </ClInclude>
    <ClInclude Include="cugl\include\vorbis\vorbisenc.h">
      <Filter>Header Files</Filter>
    </ClInclude>
    <ClInclude Include="cugl\include\vorbis\vorbisfile.h">
      <Filter>Header Files</Filter>
    </ClInclude>
    <ClInclude Include="cugl\src\audio\CUMusicQueue.h">
      <Filter>Header Files</Filter>
    </ClInclude>
    <ClInclude Include="cugl\src\audio\CUSoundChannel.h">
      <Filter>Header Files</Filter>
    </ClInclude>
    <ClInclude Include="cugl\src\audio\platform\AVOggAudioFile.h">
      <Filter>Header Files</Filter>
    </ClInclude>
    <ClInclude Include="cugl\src\audio\platform\CUAudioEngine-impl.h">
      <Filter>Header Files</Filter>
    </ClInclude>
    <ClInclude Include="cugl\src\base\platform\CUDisplay-impl.h">
      <Filter>Header Files</Filter>
    </ClInclude>
    <ClInclude Include="source\App.h">
      <Filter>Header Files</Filter>
    </ClInclude>
    <ClInclude Include="source\LoadingMode.h">
      <Filter>Header Files</Filter>
    </ClInclude>
    <ClInclude Include="source\RDGameMode.h">
      <Filter>Header Files</Filter>
    </ClInclude>
    <ClInclude Include="source\RDInput.h">
      <Filter>Header Files</Filter>
    </ClInclude>
    <ClInclude Include="source\RDRocketModel.h">
      <Filter>Header Files</Filter>
    </ClInclude>
    <ClInclude Include="source\AbstractController.hpp">
      <Filter>Header Files</Filter>
    </ClInclude>
    <ClInclude Include="source\Character.hpp">
      <Filter>Header Files</Filter>
    </ClInclude>
    <ClInclude Include="source\GameController.hpp">
      <Filter>Header Files</Filter>
    </ClInclude>
    <ClInclude Include="source\GameMode.hpp">
      <Filter>Header Files</Filter>
    </ClInclude>
    <ClInclude Include="source\GameModel.hpp">
      <Filter>Header Files</Filter>
    </ClInclude>
    <ClInclude Include="source\InputController.hpp">
      <Filter>Header Files</Filter>
    </ClInclude>
    <ClInclude Include="source\LevelController.hpp">
      <Filter>Header Files</Filter>
    </ClInclude>
    <ClInclude Include="source\LevelLoader.hpp">
      <Filter>Header Files</Filter>
    </ClInclude>
    <ClInclude Include="source\Tile.hpp">
      <Filter>Header Files</Filter>
    </ClInclude>
    <ClInclude Include="source\UIController.hpp">
      <Filter>Header Files</Filter>
    </ClInclude>
  </ItemGroup>
  <ItemGroup>
    <None Include="cugl\src\math\Mat4-Apple.inl">
      <Filter>Header Files</Filter>
    </None>
    <None Include="cugl\src\math\Mat4-Default.inl">
      <Filter>Header Files</Filter>
    </None>
    <None Include="cugl\src\math\Mat4-Neon64.inl">
      <Filter>Header Files</Filter>
    </None>
    <None Include="cugl\src\math\Mat4-SSE.inl">
      <Filter>Header Files</Filter>
    </None>
  </ItemGroup>
  <ItemGroup>
    <ResourceCompile Include="build-win10\rocketdemo\RocketDemo.rc">
      <Filter>Resource Files</Filter>
    </ResourceCompile>
  </ItemGroup>
</Project>